// !$*UTF8*$!
{
	archiveVersion = 1;
	classes = {
	};
	objectVersion = 46;
	objects = {

/* Begin PBXBuildFile section */
		123A9FC81BDBCEA60000E948 /* beginSwipe.png in Resources */ = {isa = PBXBuildFile; fileRef = 123A9FC51BDBCEA60000E948 /* beginSwipe.png */; settings = {ASSET_TAGS = (); }; };
		123A9FC91BDBCEA60000E948 /* favoriteSwipe.png in Resources */ = {isa = PBXBuildFile; fileRef = 123A9FC61BDBCEA60000E948 /* favoriteSwipe.png */; settings = {ASSET_TAGS = (); }; };
		123A9FCA1BDBCEA60000E948 /* swipe.png in Resources */ = {isa = PBXBuildFile; fileRef = 123A9FC71BDBCEA60000E948 /* swipe.png */; settings = {ASSET_TAGS = (); }; };
		123A9FCC1BDBD2480000E948 /* RootWalkthroughViewController.swift in Sources */ = {isa = PBXBuildFile; fileRef = 123A9FCB1BDBD2480000E948 /* RootWalkthroughViewController.swift */; settings = {ASSET_TAGS = (); }; };
		123A9FCE1BDBD2550000E948 /* PageWalkthroughViewController.swift in Sources */ = {isa = PBXBuildFile; fileRef = 123A9FCD1BDBD2550000E948 /* PageWalkthroughViewController.swift */; settings = {ASSET_TAGS = (); }; };
		123A9FD01BDBD2650000E948 /* WalkthroughModel.swift in Sources */ = {isa = PBXBuildFile; fileRef = 123A9FCF1BDBD2650000E948 /* WalkthroughModel.swift */; settings = {ASSET_TAGS = (); }; };
		123A9FD21BDBD4C10000E948 /* walkthroughInfo.plist in Resources */ = {isa = PBXBuildFile; fileRef = 123A9FD11BDBD4C10000E948 /* walkthroughInfo.plist */; settings = {ASSET_TAGS = (); }; };
		125368C21BD5BCFF00156E93 /* AppDelegate.swift in Sources */ = {isa = PBXBuildFile; fileRef = 125368C11BD5BCFF00156E93 /* AppDelegate.swift */; };
		125368C41BD5BCFF00156E93 /* ViewController.swift in Sources */ = {isa = PBXBuildFile; fileRef = 125368C31BD5BCFF00156E93 /* ViewController.swift */; };
		125368C71BD5BCFF00156E93 /* Main.storyboard in Resources */ = {isa = PBXBuildFile; fileRef = 125368C51BD5BCFF00156E93 /* Main.storyboard */; };
		125368C91BD5BCFF00156E93 /* Assets.xcassets in Resources */ = {isa = PBXBuildFile; fileRef = 125368C81BD5BCFF00156E93 /* Assets.xcassets */; };
		125368CC1BD5BCFF00156E93 /* LaunchScreen.storyboard in Resources */ = {isa = PBXBuildFile; fileRef = 125368CA1BD5BCFF00156E93 /* LaunchScreen.storyboard */; };
		125368D71BD5BCFF00156E93 /* CampusWalkTests.swift in Sources */ = {isa = PBXBuildFile; fileRef = 125368D61BD5BCFF00156E93 /* CampusWalkTests.swift */; };
		125368E21BD5BCFF00156E93 /* CampusWalkUITests.swift in Sources */ = {isa = PBXBuildFile; fileRef = 125368E11BD5BCFF00156E93 /* CampusWalkUITests.swift */; };
		125368F01BD5BD1600156E93 /* MapKit.framework in Frameworks */ = {isa = PBXBuildFile; fileRef = 125368EF1BD5BD1600156E93 /* MapKit.framework */; };
		125369131BD5C6AF00156E93 /* agadmin.jpg in Resources */ = {isa = PBXBuildFile; fileRef = 125368F31BD5C6AF00156E93 /* agadmin.jpg */; settings = {ASSET_TAGS = (); }; };
		125369141BD5C6AF00156E93 /* ageng.jpg in Resources */ = {isa = PBXBuildFile; fileRef = 125368F41BD5C6AF00156E93 /* ageng.jpg */; settings = {ASSET_TAGS = (); }; };
		125369151BD5C6AF00156E93 /* appliedscience.jpg in Resources */ = {isa = PBXBuildFile; fileRef = 125368F51BD5C6AF00156E93 /* appliedscience.jpg */; settings = {ASSET_TAGS = (); }; };
		125369161BD5C6AF00156E93 /* armsby.jpg in Resources */ = {isa = PBXBuildFile; fileRef = 125368F61BD5C6AF00156E93 /* armsby.jpg */; settings = {ASSET_TAGS = (); }; };
		125369171BD5C6AF00156E93 /* arts.jpg in Resources */ = {isa = PBXBuildFile; fileRef = 125368F71BD5C6AF00156E93 /* arts.jpg */; settings = {ASSET_TAGS = (); }; };
		125369181BD5C6AF00156E93 /* atherton.jpg in Resources */ = {isa = PBXBuildFile; fileRef = 125368F81BD5C6AF00156E93 /* atherton.jpg */; settings = {ASSET_TAGS = (); }; };
		125369191BD5C6AF00156E93 /* beaver.jpg in Resources */ = {isa = PBXBuildFile; fileRef = 125368F91BD5C6AF00156E93 /* beaver.jpg */; settings = {ASSET_TAGS = (); }; };
		1253691A1BD5C6AF00156E93 /* biomechanics.jpg in Resources */ = {isa = PBXBuildFile; fileRef = 125368FA1BD5C6AF00156E93 /* biomechanics.jpg */; settings = {ASSET_TAGS = (); }; };
		1253691B1BD5C6AF00156E93 /* borland.jpg in Resources */ = {isa = PBXBuildFile; fileRef = 125368FB1BD5C6AF00156E93 /* borland.jpg */; settings = {ASSET_TAGS = (); }; };
		1253691C1BD5C6AF00156E93 /* boucke.jpg in Resources */ = {isa = PBXBuildFile; fileRef = 125368FC1BD5C6AF00156E93 /* boucke.jpg */; settings = {ASSET_TAGS = (); }; };
		1253691D1BD5C6AF00156E93 /* brumbaugh.jpg in Resources */ = {isa = PBXBuildFile; fileRef = 125368FD1BD5C6AF00156E93 /* brumbaugh.jpg */; settings = {ASSET_TAGS = (); }; };
		1253691E1BD5C6AF00156E93 /* brycejordan.jpg in Resources */ = {isa = PBXBuildFile; fileRef = 125368FE1BD5C6AF00156E93 /* brycejordan.jpg */; settings = {ASSET_TAGS = (); }; };
		1253691F1BD5C6AF00156E93 /* buckhout.jpg in Resources */ = {isa = PBXBuildFile; fileRef = 125368FF1BD5C6AF00156E93 /* buckhout.jpg */; settings = {ASSET_TAGS = (); }; };
		125369201BD5C6AF00156E93 /* burrowes.jpg in Resources */ = {isa = PBXBuildFile; fileRef = 125369001BD5C6AF00156E93 /* burrowes.jpg */; settings = {ASSET_TAGS = (); }; };
		125369211BD5C6AF00156E93 /* businessbuilding.jpg in Resources */ = {isa = PBXBuildFile; fileRef = 125369011BD5C6AF00156E93 /* businessbuilding.jpg */; settings = {ASSET_TAGS = (); }; };
		125369221BD5C6AF00156E93 /* carnegie.jpg in Resources */ = {isa = PBXBuildFile; fileRef = 125369021BD5C6AF00156E93 /* carnegie.jpg */; settings = {ASSET_TAGS = (); }; };
		125369231BD5C6AF00156E93 /* carpenter.jpg in Resources */ = {isa = PBXBuildFile; fileRef = 125369031BD5C6AF00156E93 /* carpenter.jpg */; settings = {ASSET_TAGS = (); }; };
		125369241BD5C6AF00156E93 /* chambers.jpg in Resources */ = {isa = PBXBuildFile; fileRef = 125369041BD5C6AF00156E93 /* chambers.jpg */; settings = {ASSET_TAGS = (); }; };
		125369251BD5C6AF00156E93 /* chandlee.jpg in Resources */ = {isa = PBXBuildFile; fileRef = 125369051BD5C6AF00156E93 /* chandlee.jpg */; settings = {ASSET_TAGS = (); }; };
		125369261BD5C6AF00156E93 /* chapel.jpg in Resources */ = {isa = PBXBuildFile; fileRef = 125369061BD5C6AF00156E93 /* chapel.jpg */; settings = {ASSET_TAGS = (); }; };
		125369271BD5C6AF00156E93 /* chemistry.jpg in Resources */ = {isa = PBXBuildFile; fileRef = 125369071BD5C6AF00156E93 /* chemistry.jpg */; settings = {ASSET_TAGS = (); }; };
		125369281BD5C6AF00156E93 /* computer.jpg in Resources */ = {isa = PBXBuildFile; fileRef = 125369081BD5C6AF00156E93 /* computer.jpg */; settings = {ASSET_TAGS = (); }; };
		125369291BD5C6AF00156E93 /* davey.jpg in Resources */ = {isa = PBXBuildFile; fileRef = 125369091BD5C6AF00156E93 /* davey.jpg */; settings = {ASSET_TAGS = (); }; };
		1253692A1BD5C6AF00156E93 /* deike.jpg in Resources */ = {isa = PBXBuildFile; fileRef = 1253690A1BD5C6AF00156E93 /* deike.jpg */; settings = {ASSET_TAGS = (); }; };
		1253692B1BD5C6AF00156E93 /* earthengineeringsciences.jpg in Resources */ = {isa = PBXBuildFile; fileRef = 1253690B1BD5C6AF00156E93 /* earthengineeringsciences.jpg */; settings = {ASSET_TAGS = (); }; };
		1253692C1BD5C6AF00156E93 /* eeeast.jpg in Resources */ = {isa = PBXBuildFile; fileRef = 1253690C1BD5C6AF00156E93 /* eeeast.jpg */; settings = {ASSET_TAGS = (); }; };
		1253692D1BD5C6AF00156E93 /* eewest.jpg in Resources */ = {isa = PBXBuildFile; fileRef = 1253690D1BD5C6AF00156E93 /* eewest.jpg */; settings = {ASSET_TAGS = (); }; };
		1253692E1BD5C6AF00156E93 /* eisenhower.jpg in Resources */ = {isa = PBXBuildFile; fileRef = 1253690E1BD5C6AF00156E93 /* eisenhower.jpg */; settings = {ASSET_TAGS = (); }; };
		1253692F1BD5C6AF00156E93 /* eisenhowerparking.jpg in Resources */ = {isa = PBXBuildFile; fileRef = 1253690F1BD5C6AF00156E93 /* eisenhowerparking.jpg */; settings = {ASSET_TAGS = (); }; };
		125369301BD5C6AF00156E93 /* engunit.jpg in Resources */ = {isa = PBXBuildFile; fileRef = 125369101BD5C6AF00156E93 /* engunit.jpg */; settings = {ASSET_TAGS = (); }; };
		125369311BD5C6AF00156E93 /* smeal.jpg in Resources */ = {isa = PBXBuildFile; fileRef = 125369111BD5C6AF00156E93 /* smeal.jpg */; settings = {ASSET_TAGS = (); }; };
		125369321BD5C6AF00156E93 /* buildings.plist in Resources */ = {isa = PBXBuildFile; fileRef = 125369121BD5C6AF00156E93 /* buildings.plist */; settings = {ASSET_TAGS = (); }; };
		125369341BD5CD7800156E93 /* BuildingModel.swift in Sources */ = {isa = PBXBuildFile; fileRef = 125369331BD5CD7800156E93 /* BuildingModel.swift */; settings = {ASSET_TAGS = (); }; };
		125369381BD5D9FE00156E93 /* SearchTableViewController.swift in Sources */ = {isa = PBXBuildFile; fileRef = 125369371BD5D9FE00156E93 /* SearchTableViewController.swift */; settings = {ASSET_TAGS = (); }; };
		126586461BD9554600F9616A /* StringExtensions.swift in Sources */ = {isa = PBXBuildFile; fileRef = 126586451BD9554600F9616A /* StringExtensions.swift */; settings = {ASSET_TAGS = (); }; };
		126586481BD9555100F9616A /* ArrayExtensions.swift in Sources */ = {isa = PBXBuildFile; fileRef = 126586471BD9555100F9616A /* ArrayExtensions.swift */; settings = {ASSET_TAGS = (); }; };
		1265864B1BD9558F00F9616A /* BuildingDetailProtocol.swift in Sources */ = {isa = PBXBuildFile; fileRef = 1265864A1BD9558F00F9616A /* BuildingDetailProtocol.swift */; settings = {ASSET_TAGS = (); }; };
		1265864D1BD95C4F00F9616A /* BuildingDetailViewController.swift in Sources */ = {isa = PBXBuildFile; fileRef = 1265864C1BD95C4F00F9616A /* BuildingDetailViewController.swift */; settings = {ASSET_TAGS = (); }; };
		12D315EF1BD6B4C400F1E346 /* FavoritesTableViewController.swift in Sources */ = {isa = PBXBuildFile; fileRef = 12D315EE1BD6B4C400F1E346 /* FavoritesTableViewController.swift */; settings = {ASSET_TAGS = (); }; };
		12D315F11BD6DD7D00F1E346 /* Star-50.png in Resources */ = {isa = PBXBuildFile; fileRef = 12D315F01BD6DD7D00F1E346 /* Star-50.png */; settings = {ASSET_TAGS = (); }; };
		12D315F31BD6DE0400F1E346 /* Star-32.png in Resources */ = {isa = PBXBuildFile; fileRef = 12D315F21BD6DE0400F1E346 /* Star-32.png */; settings = {ASSET_TAGS = (); }; };
		12D315F51BD6DEA000F1E346 /* Star-44.png in Resources */ = {isa = PBXBuildFile; fileRef = 12D315F41BD6DEA000F1E346 /* Star-44.png */; settings = {ASSET_TAGS = (); }; };
/* End PBXBuildFile section */

/* Begin PBXContainerItemProxy section */
		125368D31BD5BCFF00156E93 /* PBXContainerItemProxy */ = {
			isa = PBXContainerItemProxy;
			containerPortal = 125368B61BD5BCFE00156E93 /* Project object */;
			proxyType = 1;
			remoteGlobalIDString = 125368BD1BD5BCFF00156E93;
			remoteInfo = CampusWalk;
		};
		125368DE1BD5BCFF00156E93 /* PBXContainerItemProxy */ = {
			isa = PBXContainerItemProxy;
			containerPortal = 125368B61BD5BCFE00156E93 /* Project object */;
			proxyType = 1;
			remoteGlobalIDString = 125368BD1BD5BCFF00156E93;
			remoteInfo = CampusWalk;
		};
/* End PBXContainerItemProxy section */

/* Begin PBXFileReference section */
		123A9FC51BDBCEA60000E948 /* beginSwipe.png */ = {isa = PBXFileReference; lastKnownFileType = image.png; path = beginSwipe.png; sourceTree = "<group>"; };
		123A9FC61BDBCEA60000E948 /* favoriteSwipe.png */ = {isa = PBXFileReference; lastKnownFileType = image.png; path = favoriteSwipe.png; sourceTree = "<group>"; };
		123A9FC71BDBCEA60000E948 /* swipe.png */ = {isa = PBXFileReference; lastKnownFileType = image.png; path = swipe.png; sourceTree = "<group>"; };
		123A9FCB1BDBD2480000E948 /* RootWalkthroughViewController.swift */ = {isa = PBXFileReference; fileEncoding = 4; lastKnownFileType = sourcecode.swift; path = RootWalkthroughViewController.swift; sourceTree = "<group>"; };
		123A9FCD1BDBD2550000E948 /* PageWalkthroughViewController.swift */ = {isa = PBXFileReference; fileEncoding = 4; lastKnownFileType = sourcecode.swift; path = PageWalkthroughViewController.swift; sourceTree = "<group>"; };
		123A9FCF1BDBD2650000E948 /* WalkthroughModel.swift */ = {isa = PBXFileReference; fileEncoding = 4; lastKnownFileType = sourcecode.swift; path = WalkthroughModel.swift; sourceTree = "<group>"; };
		123A9FD11BDBD4C10000E948 /* walkthroughInfo.plist */ = {isa = PBXFileReference; fileEncoding = 4; lastKnownFileType = text.plist.xml; path = walkthroughInfo.plist; sourceTree = "<group>"; };
		125368BE1BD5BCFF00156E93 /* CampusWalk.app */ = {isa = PBXFileReference; explicitFileType = wrapper.application; includeInIndex = 0; path = CampusWalk.app; sourceTree = BUILT_PRODUCTS_DIR; };
		125368C11BD5BCFF00156E93 /* AppDelegate.swift */ = {isa = PBXFileReference; lastKnownFileType = sourcecode.swift; path = AppDelegate.swift; sourceTree = "<group>"; };
		125368C31BD5BCFF00156E93 /* ViewController.swift */ = {isa = PBXFileReference; lastKnownFileType = sourcecode.swift; path = ViewController.swift; sourceTree = "<group>"; };
		125368C61BD5BCFF00156E93 /* Base */ = {isa = PBXFileReference; lastKnownFileType = file.storyboard; name = Base; path = Base.lproj/Main.storyboard; sourceTree = "<group>"; };
		125368C81BD5BCFF00156E93 /* Assets.xcassets */ = {isa = PBXFileReference; lastKnownFileType = folder.assetcatalog; path = Assets.xcassets; sourceTree = "<group>"; };
		125368CB1BD5BCFF00156E93 /* Base */ = {isa = PBXFileReference; lastKnownFileType = file.storyboard; name = Base; path = Base.lproj/LaunchScreen.storyboard; sourceTree = "<group>"; };
		125368CD1BD5BCFF00156E93 /* Info.plist */ = {isa = PBXFileReference; lastKnownFileType = text.plist.xml; path = Info.plist; sourceTree = "<group>"; };
		125368D21BD5BCFF00156E93 /* CampusWalkTests.xctest */ = {isa = PBXFileReference; explicitFileType = wrapper.cfbundle; includeInIndex = 0; path = CampusWalkTests.xctest; sourceTree = BUILT_PRODUCTS_DIR; };
		125368D61BD5BCFF00156E93 /* CampusWalkTests.swift */ = {isa = PBXFileReference; lastKnownFileType = sourcecode.swift; path = CampusWalkTests.swift; sourceTree = "<group>"; };
		125368D81BD5BCFF00156E93 /* Info.plist */ = {isa = PBXFileReference; lastKnownFileType = text.plist.xml; path = Info.plist; sourceTree = "<group>"; };
		125368DD1BD5BCFF00156E93 /* CampusWalkUITests.xctest */ = {isa = PBXFileReference; explicitFileType = wrapper.cfbundle; includeInIndex = 0; path = CampusWalkUITests.xctest; sourceTree = BUILT_PRODUCTS_DIR; };
		125368E11BD5BCFF00156E93 /* CampusWalkUITests.swift */ = {isa = PBXFileReference; lastKnownFileType = sourcecode.swift; path = CampusWalkUITests.swift; sourceTree = "<group>"; };
		125368E31BD5BCFF00156E93 /* Info.plist */ = {isa = PBXFileReference; lastKnownFileType = text.plist.xml; path = Info.plist; sourceTree = "<group>"; };
		125368EF1BD5BD1600156E93 /* MapKit.framework */ = {isa = PBXFileReference; lastKnownFileType = wrapper.framework; name = MapKit.framework; path = System/Library/Frameworks/MapKit.framework; sourceTree = SDKROOT; };
		125368F31BD5C6AF00156E93 /* agadmin.jpg */ = {isa = PBXFileReference; lastKnownFileType = image.jpeg; path = agadmin.jpg; sourceTree = "<group>"; };
		125368F41BD5C6AF00156E93 /* ageng.jpg */ = {isa = PBXFileReference; lastKnownFileType = image.jpeg; path = ageng.jpg; sourceTree = "<group>"; };
		125368F51BD5C6AF00156E93 /* appliedscience.jpg */ = {isa = PBXFileReference; lastKnownFileType = image.jpeg; path = appliedscience.jpg; sourceTree = "<group>"; };
		125368F61BD5C6AF00156E93 /* armsby.jpg */ = {isa = PBXFileReference; lastKnownFileType = image.jpeg; path = armsby.jpg; sourceTree = "<group>"; };
		125368F71BD5C6AF00156E93 /* arts.jpg */ = {isa = PBXFileReference; lastKnownFileType = image.jpeg; path = arts.jpg; sourceTree = "<group>"; };
		125368F81BD5C6AF00156E93 /* atherton.jpg */ = {isa = PBXFileReference; lastKnownFileType = image.jpeg; path = atherton.jpg; sourceTree = "<group>"; };
		125368F91BD5C6AF00156E93 /* beaver.jpg */ = {isa = PBXFileReference; lastKnownFileType = image.jpeg; path = beaver.jpg; sourceTree = "<group>"; };
		125368FA1BD5C6AF00156E93 /* biomechanics.jpg */ = {isa = PBXFileReference; lastKnownFileType = image.jpeg; path = biomechanics.jpg; sourceTree = "<group>"; };
		125368FB1BD5C6AF00156E93 /* borland.jpg */ = {isa = PBXFileReference; lastKnownFileType = image.jpeg; path = borland.jpg; sourceTree = "<group>"; };
		125368FC1BD5C6AF00156E93 /* boucke.jpg */ = {isa = PBXFileReference; lastKnownFileType = image.jpeg; path = boucke.jpg; sourceTree = "<group>"; };
		125368FD1BD5C6AF00156E93 /* brumbaugh.jpg */ = {isa = PBXFileReference; lastKnownFileType = image.jpeg; path = brumbaugh.jpg; sourceTree = "<group>"; };
		125368FE1BD5C6AF00156E93 /* brycejordan.jpg */ = {isa = PBXFileReference; lastKnownFileType = image.jpeg; path = brycejordan.jpg; sourceTree = "<group>"; };
		125368FF1BD5C6AF00156E93 /* buckhout.jpg */ = {isa = PBXFileReference; lastKnownFileType = image.jpeg; path = buckhout.jpg; sourceTree = "<group>"; };
		125369001BD5C6AF00156E93 /* burrowes.jpg */ = {isa = PBXFileReference; lastKnownFileType = image.jpeg; path = burrowes.jpg; sourceTree = "<group>"; };
		125369011BD5C6AF00156E93 /* businessbuilding.jpg */ = {isa = PBXFileReference; lastKnownFileType = image.jpeg; path = businessbuilding.jpg; sourceTree = "<group>"; };
		125369021BD5C6AF00156E93 /* carnegie.jpg */ = {isa = PBXFileReference; lastKnownFileType = image.jpeg; path = carnegie.jpg; sourceTree = "<group>"; };
		125369031BD5C6AF00156E93 /* carpenter.jpg */ = {isa = PBXFileReference; lastKnownFileType = image.jpeg; path = carpenter.jpg; sourceTree = "<group>"; };
		125369041BD5C6AF00156E93 /* chambers.jpg */ = {isa = PBXFileReference; lastKnownFileType = image.jpeg; path = chambers.jpg; sourceTree = "<group>"; };
		125369051BD5C6AF00156E93 /* chandlee.jpg */ = {isa = PBXFileReference; lastKnownFileType = image.jpeg; path = chandlee.jpg; sourceTree = "<group>"; };
		125369061BD5C6AF00156E93 /* chapel.jpg */ = {isa = PBXFileReference; lastKnownFileType = image.jpeg; path = chapel.jpg; sourceTree = "<group>"; };
		125369071BD5C6AF00156E93 /* chemistry.jpg */ = {isa = PBXFileReference; lastKnownFileType = image.jpeg; path = chemistry.jpg; sourceTree = "<group>"; };
		125369081BD5C6AF00156E93 /* computer.jpg */ = {isa = PBXFileReference; lastKnownFileType = image.jpeg; path = computer.jpg; sourceTree = "<group>"; };
		125369091BD5C6AF00156E93 /* davey.jpg */ = {isa = PBXFileReference; lastKnownFileType = image.jpeg; path = davey.jpg; sourceTree = "<group>"; };
		1253690A1BD5C6AF00156E93 /* deike.jpg */ = {isa = PBXFileReference; lastKnownFileType = image.jpeg; path = deike.jpg; sourceTree = "<group>"; };
		1253690B1BD5C6AF00156E93 /* earthengineeringsciences.jpg */ = {isa = PBXFileReference; lastKnownFileType = image.jpeg; path = earthengineeringsciences.jpg; sourceTree = "<group>"; };
		1253690C1BD5C6AF00156E93 /* eeeast.jpg */ = {isa = PBXFileReference; lastKnownFileType = image.jpeg; path = eeeast.jpg; sourceTree = "<group>"; };
		1253690D1BD5C6AF00156E93 /* eewest.jpg */ = {isa = PBXFileReference; lastKnownFileType = image.jpeg; path = eewest.jpg; sourceTree = "<group>"; };
		1253690E1BD5C6AF00156E93 /* eisenhower.jpg */ = {isa = PBXFileReference; lastKnownFileType = image.jpeg; path = eisenhower.jpg; sourceTree = "<group>"; };
		1253690F1BD5C6AF00156E93 /* eisenhowerparking.jpg */ = {isa = PBXFileReference; lastKnownFileType = image.jpeg; path = eisenhowerparking.jpg; sourceTree = "<group>"; };
		125369101BD5C6AF00156E93 /* engunit.jpg */ = {isa = PBXFileReference; lastKnownFileType = image.jpeg; path = engunit.jpg; sourceTree = "<group>"; };
		125369111BD5C6AF00156E93 /* smeal.jpg */ = {isa = PBXFileReference; lastKnownFileType = image.jpeg; path = smeal.jpg; sourceTree = "<group>"; };
		125369121BD5C6AF00156E93 /* buildings.plist */ = {isa = PBXFileReference; fileEncoding = 4; lastKnownFileType = text.plist.xml; path = buildings.plist; sourceTree = "<group>"; };
		125369331BD5CD7800156E93 /* BuildingModel.swift */ = {isa = PBXFileReference; fileEncoding = 4; lastKnownFileType = sourcecode.swift; path = BuildingModel.swift; sourceTree = "<group>"; };
		125369371BD5D9FE00156E93 /* SearchTableViewController.swift */ = {isa = PBXFileReference; fileEncoding = 4; lastKnownFileType = sourcecode.swift; path = SearchTableViewController.swift; sourceTree = "<group>"; };
		126586451BD9554600F9616A /* StringExtensions.swift */ = {isa = PBXFileReference; fileEncoding = 4; lastKnownFileType = sourcecode.swift; path = StringExtensions.swift; sourceTree = "<group>"; };
		126586471BD9555100F9616A /* ArrayExtensions.swift */ = {isa = PBXFileReference; fileEncoding = 4; lastKnownFileType = sourcecode.swift; path = ArrayExtensions.swift; sourceTree = "<group>"; };
		1265864A1BD9558F00F9616A /* BuildingDetailProtocol.swift */ = {isa = PBXFileReference; fileEncoding = 4; lastKnownFileType = sourcecode.swift; path = BuildingDetailProtocol.swift; sourceTree = "<group>"; };
		1265864C1BD95C4F00F9616A /* BuildingDetailViewController.swift */ = {isa = PBXFileReference; fileEncoding = 4; lastKnownFileType = sourcecode.swift; path = BuildingDetailViewController.swift; sourceTree = "<group>"; };
		12D315EE1BD6B4C400F1E346 /* FavoritesTableViewController.swift */ = {isa = PBXFileReference; fileEncoding = 4; lastKnownFileType = sourcecode.swift; path = FavoritesTableViewController.swift; sourceTree = "<group>"; };
		12D315F01BD6DD7D00F1E346 /* Star-50.png */ = {isa = PBXFileReference; lastKnownFileType = image.png; path = "Star-50.png"; sourceTree = "<group>"; };
		12D315F21BD6DE0400F1E346 /* Star-32.png */ = {isa = PBXFileReference; lastKnownFileType = image.png; path = "Star-32.png"; sourceTree = "<group>"; };
		12D315F41BD6DEA000F1E346 /* Star-44.png */ = {isa = PBXFileReference; lastKnownFileType = image.png; path = "Star-44.png"; sourceTree = "<group>"; };
/* End PBXFileReference section */

/* Begin PBXFrameworksBuildPhase section */
		125368BB1BD5BCFF00156E93 /* Frameworks */ = {
			isa = PBXFrameworksBuildPhase;
			buildActionMask = 2147483647;
			files = (
				125368F01BD5BD1600156E93 /* MapKit.framework in Frameworks */,
			);
			runOnlyForDeploymentPostprocessing = 0;
		};
		125368CF1BD5BCFF00156E93 /* Frameworks */ = {
			isa = PBXFrameworksBuildPhase;
			buildActionMask = 2147483647;
			files = (
			);
			runOnlyForDeploymentPostprocessing = 0;
		};
		125368DA1BD5BCFF00156E93 /* Frameworks */ = {
			isa = PBXFrameworksBuildPhase;
			buildActionMask = 2147483647;
			files = (
			);
			runOnlyForDeploymentPostprocessing = 0;
		};
/* End PBXFrameworksBuildPhase section */

/* Begin PBXGroup section */
		123A9FC41BDBCEA60000E948 /* walkthrough */ = {
			isa = PBXGroup;
			children = (
				123A9FC51BDBCEA60000E948 /* beginSwipe.png */,
				123A9FC61BDBCEA60000E948 /* favoriteSwipe.png */,
				123A9FC71BDBCEA60000E948 /* swipe.png */,
			);
			path = walkthrough;
			sourceTree = "<group>";
		};
		125368B51BD5BCFE00156E93 = {
			isa = PBXGroup;
			children = (
				125368EF1BD5BD1600156E93 /* MapKit.framework */,
				125368C01BD5BCFF00156E93 /* CampusWalk */,
				125368D51BD5BCFF00156E93 /* CampusWalkTests */,
				125368E01BD5BCFF00156E93 /* CampusWalkUITests */,
				125368BF1BD5BCFF00156E93 /* Products */,
				125368F11BD5C6AF00156E93 /* CampusWalkAssets */,
			);
			sourceTree = "<group>";
		};
		125368BF1BD5BCFF00156E93 /* Products */ = {
			isa = PBXGroup;
			children = (
				125368BE1BD5BCFF00156E93 /* CampusWalk.app */,
				125368D21BD5BCFF00156E93 /* CampusWalkTests.xctest */,
				125368DD1BD5BCFF00156E93 /* CampusWalkUITests.xctest */,
			);
			name = Products;
			sourceTree = "<group>";
		};
		125368C01BD5BCFF00156E93 /* CampusWalk */ = {
			isa = PBXGroup;
			children = (
				126586491BD9557C00F9616A /* Protocols */,
				126586441BD954EC00F9616A /* Extensions */,
				12D315EC1BD6AE4600F1E346 /* Models */,
				12D315ED1BD6AE4B00F1E346 /* Views */,
				12D315EB1BD6AE2C00F1E346 /* Controllers */,
				125368C11BD5BCFF00156E93 /* AppDelegate.swift */,
				125368C81BD5BCFF00156E93 /* Assets.xcassets */,
				125368CA1BD5BCFF00156E93 /* LaunchScreen.storyboard */,
				125368CD1BD5BCFF00156E93 /* Info.plist */,
			);
			path = CampusWalk;
			sourceTree = "<group>";
		};
		125368D51BD5BCFF00156E93 /* CampusWalkTests */ = {
			isa = PBXGroup;
			children = (
				125368D61BD5BCFF00156E93 /* CampusWalkTests.swift */,
				125368D81BD5BCFF00156E93 /* Info.plist */,
			);
			path = CampusWalkTests;
			sourceTree = "<group>";
		};
		125368E01BD5BCFF00156E93 /* CampusWalkUITests */ = {
			isa = PBXGroup;
			children = (
				125368E11BD5BCFF00156E93 /* CampusWalkUITests.swift */,
				125368E31BD5BCFF00156E93 /* Info.plist */,
			);
			path = CampusWalkUITests;
			sourceTree = "<group>";
		};
		125368F11BD5C6AF00156E93 /* CampusWalkAssets */ = {
			isa = PBXGroup;
			children = (
				123A9FD11BDBD4C10000E948 /* walkthroughInfo.plist */,
				123A9FC41BDBCEA60000E948 /* walkthrough */,
				12D315F41BD6DEA000F1E346 /* Star-44.png */,
				12D315F21BD6DE0400F1E346 /* Star-32.png */,
				12D315F01BD6DD7D00F1E346 /* Star-50.png */,
				125368F21BD5C6AF00156E93 /* buildings */,
				125369121BD5C6AF00156E93 /* buildings.plist */,
			);
			path = CampusWalkAssets;
			sourceTree = SOURCE_ROOT;
		};
		125368F21BD5C6AF00156E93 /* buildings */ = {
			isa = PBXGroup;
			children = (
				125368F31BD5C6AF00156E93 /* agadmin.jpg */,
				125368F41BD5C6AF00156E93 /* ageng.jpg */,
				125368F51BD5C6AF00156E93 /* appliedscience.jpg */,
				125368F61BD5C6AF00156E93 /* armsby.jpg */,
				125368F71BD5C6AF00156E93 /* arts.jpg */,
				125368F81BD5C6AF00156E93 /* atherton.jpg */,
				125368F91BD5C6AF00156E93 /* beaver.jpg */,
				125368FA1BD5C6AF00156E93 /* biomechanics.jpg */,
				125368FB1BD5C6AF00156E93 /* borland.jpg */,
				125368FC1BD5C6AF00156E93 /* boucke.jpg */,
				125368FD1BD5C6AF00156E93 /* brumbaugh.jpg */,
				125368FE1BD5C6AF00156E93 /* brycejordan.jpg */,
				125368FF1BD5C6AF00156E93 /* buckhout.jpg */,
				125369001BD5C6AF00156E93 /* burrowes.jpg */,
				125369011BD5C6AF00156E93 /* businessbuilding.jpg */,
				125369021BD5C6AF00156E93 /* carnegie.jpg */,
				125369031BD5C6AF00156E93 /* carpenter.jpg */,
				125369041BD5C6AF00156E93 /* chambers.jpg */,
				125369051BD5C6AF00156E93 /* chandlee.jpg */,
				125369061BD5C6AF00156E93 /* chapel.jpg */,
				125369071BD5C6AF00156E93 /* chemistry.jpg */,
				125369081BD5C6AF00156E93 /* computer.jpg */,
				125369091BD5C6AF00156E93 /* davey.jpg */,
				1253690A1BD5C6AF00156E93 /* deike.jpg */,
				1253690B1BD5C6AF00156E93 /* earthengineeringsciences.jpg */,
				1253690C1BD5C6AF00156E93 /* eeeast.jpg */,
				1253690D1BD5C6AF00156E93 /* eewest.jpg */,
				1253690E1BD5C6AF00156E93 /* eisenhower.jpg */,
				1253690F1BD5C6AF00156E93 /* eisenhowerparking.jpg */,
				125369101BD5C6AF00156E93 /* engunit.jpg */,
				125369111BD5C6AF00156E93 /* smeal.jpg */,
			);
			path = buildings;
			sourceTree = "<group>";
		};
		126586441BD954EC00F9616A /* Extensions */ = {
			isa = PBXGroup;
			children = (
				126586451BD9554600F9616A /* StringExtensions.swift */,
				126586471BD9555100F9616A /* ArrayExtensions.swift */,
			);
			name = Extensions;
			sourceTree = "<group>";
		};
		126586491BD9557C00F9616A /* Protocols */ = {
			isa = PBXGroup;
			children = (
				1265864A1BD9558F00F9616A /* BuildingDetailProtocol.swift */,
			);
			name = Protocols;
			sourceTree = "<group>";
		};
		12D315EB1BD6AE2C00F1E346 /* Controllers */ = {
			isa = PBXGroup;
			children = (
				125369371BD5D9FE00156E93 /* SearchTableViewController.swift */,
				125368C31BD5BCFF00156E93 /* ViewController.swift */,
				12D315EE1BD6B4C400F1E346 /* FavoritesTableViewController.swift */,
				1265864C1BD95C4F00F9616A /* BuildingDetailViewController.swift */,
				123A9FCB1BDBD2480000E948 /* RootWalkthroughViewController.swift */,
				123A9FCD1BDBD2550000E948 /* PageWalkthroughViewController.swift */,
			);
			name = Controllers;
			sourceTree = "<group>";
		};
		12D315EC1BD6AE4600F1E346 /* Models */ = {
			isa = PBXGroup;
			children = (
				125369331BD5CD7800156E93 /* BuildingModel.swift */,
				123A9FCF1BDBD2650000E948 /* WalkthroughModel.swift */,
			);
			name = Models;
			sourceTree = "<group>";
		};
		12D315ED1BD6AE4B00F1E346 /* Views */ = {
			isa = PBXGroup;
			children = (
				125368C51BD5BCFF00156E93 /* Main.storyboard */,
			);
			name = Views;
			sourceTree = "<group>";
		};
/* End PBXGroup section */

/* Begin PBXNativeTarget section */
		125368BD1BD5BCFF00156E93 /* CampusWalk */ = {
			isa = PBXNativeTarget;
			buildConfigurationList = 125368E61BD5BCFF00156E93 /* Build configuration list for PBXNativeTarget "CampusWalk" */;
			buildPhases = (
				125368BA1BD5BCFF00156E93 /* Sources */,
				125368BB1BD5BCFF00156E93 /* Frameworks */,
				125368BC1BD5BCFF00156E93 /* Resources */,
			);
			buildRules = (
			);
			dependencies = (
			);
			name = CampusWalk;
			productName = CampusWalk;
			productReference = 125368BE1BD5BCFF00156E93 /* CampusWalk.app */;
			productType = "com.apple.product-type.application";
		};
		125368D11BD5BCFF00156E93 /* CampusWalkTests */ = {
			isa = PBXNativeTarget;
			buildConfigurationList = 125368E91BD5BCFF00156E93 /* Build configuration list for PBXNativeTarget "CampusWalkTests" */;
			buildPhases = (
				125368CE1BD5BCFF00156E93 /* Sources */,
				125368CF1BD5BCFF00156E93 /* Frameworks */,
				125368D01BD5BCFF00156E93 /* Resources */,
			);
			buildRules = (
			);
			dependencies = (
				125368D41BD5BCFF00156E93 /* PBXTargetDependency */,
			);
			name = CampusWalkTests;
			productName = CampusWalkTests;
			productReference = 125368D21BD5BCFF00156E93 /* CampusWalkTests.xctest */;
			productType = "com.apple.product-type.bundle.unit-test";
		};
		125368DC1BD5BCFF00156E93 /* CampusWalkUITests */ = {
			isa = PBXNativeTarget;
			buildConfigurationList = 125368EC1BD5BCFF00156E93 /* Build configuration list for PBXNativeTarget "CampusWalkUITests" */;
			buildPhases = (
				125368D91BD5BCFF00156E93 /* Sources */,
				125368DA1BD5BCFF00156E93 /* Frameworks */,
				125368DB1BD5BCFF00156E93 /* Resources */,
			);
			buildRules = (
			);
			dependencies = (
				125368DF1BD5BCFF00156E93 /* PBXTargetDependency */,
			);
			name = CampusWalkUITests;
			productName = CampusWalkUITests;
			productReference = 125368DD1BD5BCFF00156E93 /* CampusWalkUITests.xctest */;
			productType = "com.apple.product-type.bundle.ui-testing";
		};
/* End PBXNativeTarget section */

/* Begin PBXProject section */
		125368B61BD5BCFE00156E93 /* Project object */ = {
			isa = PBXProject;
			attributes = {
				LastUpgradeCheck = 0700;
				ORGANIZATIONNAME = "Max Marze";
				TargetAttributes = {
					125368BD1BD5BCFF00156E93 = {
						CreatedOnToolsVersion = 7.0;
					};
					125368D11BD5BCFF00156E93 = {
						CreatedOnToolsVersion = 7.0;
						TestTargetID = 125368BD1BD5BCFF00156E93;
					};
					125368DC1BD5BCFF00156E93 = {
						CreatedOnToolsVersion = 7.0;
						TestTargetID = 125368BD1BD5BCFF00156E93;
					};
				};
			};
			buildConfigurationList = 125368B91BD5BCFE00156E93 /* Build configuration list for PBXProject "CampusWalk" */;
			compatibilityVersion = "Xcode 3.2";
			developmentRegion = English;
			hasScannedForEncodings = 0;
			knownRegions = (
				en,
				Base,
			);
			mainGroup = 125368B51BD5BCFE00156E93;
			productRefGroup = 125368BF1BD5BCFF00156E93 /* Products */;
			projectDirPath = "";
			projectRoot = "";
			targets = (
				125368BD1BD5BCFF00156E93 /* CampusWalk */,
				125368D11BD5BCFF00156E93 /* CampusWalkTests */,
				125368DC1BD5BCFF00156E93 /* CampusWalkUITests */,
			);
		};
/* End PBXProject section */

/* Begin PBXResourcesBuildPhase section */
		125368BC1BD5BCFF00156E93 /* Resources */ = {
			isa = PBXResourcesBuildPhase;
			buildActionMask = 2147483647;
			files = (
				1253691F1BD5C6AF00156E93 /* buckhout.jpg in Resources */,
				125368CC1BD5BCFF00156E93 /* LaunchScreen.storyboard in Resources */,
				125369171BD5C6AF00156E93 /* arts.jpg in Resources */,
				125369141BD5C6AF00156E93 /* ageng.jpg in Resources */,
				1253691D1BD5C6AF00156E93 /* brumbaugh.jpg in Resources */,
				125369301BD5C6AF00156E93 /* engunit.jpg in Resources */,
				125369251BD5C6AF00156E93 /* chandlee.jpg in Resources */,
				125369151BD5C6AF00156E93 /* appliedscience.jpg in Resources */,
				125369191BD5C6AF00156E93 /* beaver.jpg in Resources */,
				125368C91BD5BCFF00156E93 /* Assets.xcassets in Resources */,
				123A9FC81BDBCEA60000E948 /* beginSwipe.png in Resources */,
				125369321BD5C6AF00156E93 /* buildings.plist in Resources */,
				1253692F1BD5C6AF00156E93 /* eisenhowerparking.jpg in Resources */,
				1253692E1BD5C6AF00156E93 /* eisenhower.jpg in Resources */,
				125369281BD5C6AF00156E93 /* computer.jpg in Resources */,
				125369181BD5C6AF00156E93 /* atherton.jpg in Resources */,
				125369211BD5C6AF00156E93 /* businessbuilding.jpg in Resources */,
				1253692C1BD5C6AF00156E93 /* eeeast.jpg in Resources */,
				125369201BD5C6AF00156E93 /* burrowes.jpg in Resources */,
				125369271BD5C6AF00156E93 /* chemistry.jpg in Resources */,
				125369311BD5C6AF00156E93 /* smeal.jpg in Resources */,
				1253691C1BD5C6AF00156E93 /* boucke.jpg in Resources */,
				125369291BD5C6AF00156E93 /* davey.jpg in Resources */,
				1253692A1BD5C6AF00156E93 /* deike.jpg in Resources */,
				125369161BD5C6AF00156E93 /* armsby.jpg in Resources */,
				1253691B1BD5C6AF00156E93 /* borland.jpg in Resources */,
				1253691A1BD5C6AF00156E93 /* biomechanics.jpg in Resources */,
				125368C71BD5BCFF00156E93 /* Main.storyboard in Resources */,
				123A9FCA1BDBCEA60000E948 /* swipe.png in Resources */,
				12D315F31BD6DE0400F1E346 /* Star-32.png in Resources */,
				1253692D1BD5C6AF00156E93 /* eewest.jpg in Resources */,
				125369231BD5C6AF00156E93 /* carpenter.jpg in Resources */,
				125369221BD5C6AF00156E93 /* carnegie.jpg in Resources */,
				12D315F51BD6DEA000F1E346 /* Star-44.png in Resources */,
				1253692B1BD5C6AF00156E93 /* earthengineeringsciences.jpg in Resources */,
				123A9FD21BDBD4C10000E948 /* walkthroughInfo.plist in Resources */,
				125369261BD5C6AF00156E93 /* chapel.jpg in Resources */,
				125369131BD5C6AF00156E93 /* agadmin.jpg in Resources */,
				123A9FC91BDBCEA60000E948 /* favoriteSwipe.png in Resources */,
				1253691E1BD5C6AF00156E93 /* brycejordan.jpg in Resources */,
				12D315F11BD6DD7D00F1E346 /* Star-50.png in Resources */,
				125369241BD5C6AF00156E93 /* chambers.jpg in Resources */,
			);
			runOnlyForDeploymentPostprocessing = 0;
		};
		125368D01BD5BCFF00156E93 /* Resources */ = {
			isa = PBXResourcesBuildPhase;
			buildActionMask = 2147483647;
			files = (
			);
			runOnlyForDeploymentPostprocessing = 0;
		};
		125368DB1BD5BCFF00156E93 /* Resources */ = {
			isa = PBXResourcesBuildPhase;
			buildActionMask = 2147483647;
			files = (
			);
			runOnlyForDeploymentPostprocessing = 0;
		};
/* End PBXResourcesBuildPhase section */

/* Begin PBXSourcesBuildPhase section */
		125368BA1BD5BCFF00156E93 /* Sources */ = {
			isa = PBXSourcesBuildPhase;
			buildActionMask = 2147483647;
			files = (
				126586461BD9554600F9616A /* StringExtensions.swift in Sources */,
				125368C41BD5BCFF00156E93 /* ViewController.swift in Sources */,
				1265864B1BD9558F00F9616A /* BuildingDetailProtocol.swift in Sources */,
				126586481BD9555100F9616A /* ArrayExtensions.swift in Sources */,
				125369341BD5CD7800156E93 /* BuildingModel.swift in Sources */,
				125368C21BD5BCFF00156E93 /* AppDelegate.swift in Sources */,
				123A9FD01BDBD2650000E948 /* WalkthroughModel.swift in Sources */,
				12D315EF1BD6B4C400F1E346 /* FavoritesTableViewController.swift in Sources */,
				123A9FCE1BDBD2550000E948 /* PageWalkthroughViewController.swift in Sources */,
				1265864D1BD95C4F00F9616A /* BuildingDetailViewController.swift in Sources */,
				125369381BD5D9FE00156E93 /* SearchTableViewController.swift in Sources */,
				123A9FCC1BDBD2480000E948 /* RootWalkthroughViewController.swift in Sources */,
			);
			runOnlyForDeploymentPostprocessing = 0;
		};
		125368CE1BD5BCFF00156E93 /* Sources */ = {
			isa = PBXSourcesBuildPhase;
			buildActionMask = 2147483647;
			files = (
				125368D71BD5BCFF00156E93 /* CampusWalkTests.swift in Sources */,
			);
			runOnlyForDeploymentPostprocessing = 0;
		};
		125368D91BD5BCFF00156E93 /* Sources */ = {
			isa = PBXSourcesBuildPhase;
			buildActionMask = 2147483647;
			files = (
				125368E21BD5BCFF00156E93 /* CampusWalkUITests.swift in Sources */,
			);
			runOnlyForDeploymentPostprocessing = 0;
		};
/* End PBXSourcesBuildPhase section */

/* Begin PBXTargetDependency section */
		125368D41BD5BCFF00156E93 /* PBXTargetDependency */ = {
			isa = PBXTargetDependency;
			target = 125368BD1BD5BCFF00156E93 /* CampusWalk */;
			targetProxy = 125368D31BD5BCFF00156E93 /* PBXContainerItemProxy */;
		};
		125368DF1BD5BCFF00156E93 /* PBXTargetDependency */ = {
			isa = PBXTargetDependency;
			target = 125368BD1BD5BCFF00156E93 /* CampusWalk */;
			targetProxy = 125368DE1BD5BCFF00156E93 /* PBXContainerItemProxy */;
		};
/* End PBXTargetDependency section */

/* Begin PBXVariantGroup section */
		125368C51BD5BCFF00156E93 /* Main.storyboard */ = {
			isa = PBXVariantGroup;
			children = (
				125368C61BD5BCFF00156E93 /* Base */,
			);
			name = Main.storyboard;
			sourceTree = "<group>";
		};
		125368CA1BD5BCFF00156E93 /* LaunchScreen.storyboard */ = {
			isa = PBXVariantGroup;
			children = (
				125368CB1BD5BCFF00156E93 /* Base */,
			);
			name = LaunchScreen.storyboard;
			sourceTree = "<group>";
		};
/* End PBXVariantGroup section */

/* Begin XCBuildConfiguration section */
		125368E41BD5BCFF00156E93 /* Debug */ = {
			isa = XCBuildConfiguration;
			buildSettings = {
				ALWAYS_SEARCH_USER_PATHS = NO;
				CLANG_CXX_LANGUAGE_STANDARD = "gnu++0x";
				CLANG_CXX_LIBRARY = "libc++";
				CLANG_ENABLE_MODULES = YES;
				CLANG_ENABLE_OBJC_ARC = YES;
				CLANG_WARN_BOOL_CONVERSION = YES;
				CLANG_WARN_CONSTANT_CONVERSION = YES;
				CLANG_WARN_DIRECT_OBJC_ISA_USAGE = YES_ERROR;
				CLANG_WARN_EMPTY_BODY = YES;
				CLANG_WARN_ENUM_CONVERSION = YES;
				CLANG_WARN_INT_CONVERSION = YES;
				CLANG_WARN_OBJC_ROOT_CLASS = YES_ERROR;
				CLANG_WARN_UNREACHABLE_CODE = YES;
				CLANG_WARN__DUPLICATE_METHOD_MATCH = YES;
				"CODE_SIGN_IDENTITY[sdk=iphoneos*]" = "iPhone Developer";
				COPY_PHASE_STRIP = NO;
				DEBUG_INFORMATION_FORMAT = dwarf;
				ENABLE_STRICT_OBJC_MSGSEND = YES;
				ENABLE_TESTABILITY = YES;
				GCC_C_LANGUAGE_STANDARD = gnu99;
				GCC_DYNAMIC_NO_PIC = NO;
				GCC_NO_COMMON_BLOCKS = YES;
				GCC_OPTIMIZATION_LEVEL = 0;
				GCC_PREPROCESSOR_DEFINITIONS = (
					"DEBUG=1",
					"$(inherited)",
				);
				GCC_WARN_64_TO_32_BIT_CONVERSION = YES;
				GCC_WARN_ABOUT_RETURN_TYPE = YES_ERROR;
				GCC_WARN_UNDECLARED_SELECTOR = YES;
				GCC_WARN_UNINITIALIZED_AUTOS = YES_AGGRESSIVE;
				GCC_WARN_UNUSED_FUNCTION = YES;
				GCC_WARN_UNUSED_VARIABLE = YES;
				IPHONEOS_DEPLOYMENT_TARGET = 9.0;
				MTL_ENABLE_DEBUG_INFO = YES;
				ONLY_ACTIVE_ARCH = YES;
				SDKROOT = iphoneos;
				SWIFT_OPTIMIZATION_LEVEL = "-Onone";
				TARGETED_DEVICE_FAMILY = "1,2";
			};
			name = Debug;
		};
		125368E51BD5BCFF00156E93 /* Release */ = {
			isa = XCBuildConfiguration;
			buildSettings = {
				ALWAYS_SEARCH_USER_PATHS = NO;
				CLANG_CXX_LANGUAGE_STANDARD = "gnu++0x";
				CLANG_CXX_LIBRARY = "libc++";
				CLANG_ENABLE_MODULES = YES;
				CLANG_ENABLE_OBJC_ARC = YES;
				CLANG_WARN_BOOL_CONVERSION = YES;
				CLANG_WARN_CONSTANT_CONVERSION = YES;
				CLANG_WARN_DIRECT_OBJC_ISA_USAGE = YES_ERROR;
				CLANG_WARN_EMPTY_BODY = YES;
				CLANG_WARN_ENUM_CONVERSION = YES;
				CLANG_WARN_INT_CONVERSION = YES;
				CLANG_WARN_OBJC_ROOT_CLASS = YES_ERROR;
				CLANG_WARN_UNREACHABLE_CODE = YES;
				CLANG_WARN__DUPLICATE_METHOD_MATCH = YES;
				"CODE_SIGN_IDENTITY[sdk=iphoneos*]" = "iPhone Developer";
				COPY_PHASE_STRIP = NO;
				DEBUG_INFORMATION_FORMAT = "dwarf-with-dsym";
				ENABLE_NS_ASSERTIONS = NO;
				ENABLE_STRICT_OBJC_MSGSEND = YES;
				GCC_C_LANGUAGE_STANDARD = gnu99;
				GCC_NO_COMMON_BLOCKS = YES;
				GCC_WARN_64_TO_32_BIT_CONVERSION = YES;
				GCC_WARN_ABOUT_RETURN_TYPE = YES_ERROR;
				GCC_WARN_UNDECLARED_SELECTOR = YES;
				GCC_WARN_UNINITIALIZED_AUTOS = YES_AGGRESSIVE;
				GCC_WARN_UNUSED_FUNCTION = YES;
				GCC_WARN_UNUSED_VARIABLE = YES;
				IPHONEOS_DEPLOYMENT_TARGET = 9.0;
				MTL_ENABLE_DEBUG_INFO = NO;
				SDKROOT = iphoneos;
				TARGETED_DEVICE_FAMILY = "1,2";
				VALIDATE_PRODUCT = YES;
			};
			name = Release;
		};
		125368E71BD5BCFF00156E93 /* Debug */ = {
			isa = XCBuildConfiguration;
			buildSettings = {
				ASSETCATALOG_COMPILER_APPICON_NAME = AppIcon;
				INFOPLIST_FILE = CampusWalk/Info.plist;
				LD_RUNPATH_SEARCH_PATHS = "$(inherited) @executable_path/Frameworks";
				PRODUCT_BUNDLE_IDENTIFIER = edu.psu.cse.mom5606.CampusWalk;
				PRODUCT_NAME = "$(TARGET_NAME)";
			};
			name = Debug;
		};
		125368E81BD5BCFF00156E93 /* Release */ = {
			isa = XCBuildConfiguration;
			buildSettings = {
				ASSETCATALOG_COMPILER_APPICON_NAME = AppIcon;
				INFOPLIST_FILE = CampusWalk/Info.plist;
				LD_RUNPATH_SEARCH_PATHS = "$(inherited) @executable_path/Frameworks";
				PRODUCT_BUNDLE_IDENTIFIER = edu.psu.cse.mom5606.CampusWalk;
				PRODUCT_NAME = "$(TARGET_NAME)";
			};
			name = Release;
		};
		125368EA1BD5BCFF00156E93 /* Debug */ = {
			isa = XCBuildConfiguration;
			buildSettings = {
				BUNDLE_LOADER = "$(TEST_HOST)";
				INFOPLIST_FILE = CampusWalkTests/Info.plist;
				LD_RUNPATH_SEARCH_PATHS = "$(inherited) @executable_path/Frameworks @loader_path/Frameworks";
				PRODUCT_BUNDLE_IDENTIFIER = edu.psu.cse.mom5606.CampusWalkTests;
				PRODUCT_NAME = "$(TARGET_NAME)";
				TEST_HOST = "$(BUILT_PRODUCTS_DIR)/CampusWalk.app/CampusWalk";
			};
			name = Debug;
		};
		125368EB1BD5BCFF00156E93 /* Release */ = {
			isa = XCBuildConfiguration;
			buildSettings = {
				BUNDLE_LOADER = "$(TEST_HOST)";
				INFOPLIST_FILE = CampusWalkTests/Info.plist;
				LD_RUNPATH_SEARCH_PATHS = "$(inherited) @executable_path/Frameworks @loader_path/Frameworks";
				PRODUCT_BUNDLE_IDENTIFIER = edu.psu.cse.mom5606.CampusWalkTests;
				PRODUCT_NAME = "$(TARGET_NAME)";
				TEST_HOST = "$(BUILT_PRODUCTS_DIR)/CampusWalk.app/CampusWalk";
			};
			name = Release;
		};
		125368ED1BD5BCFF00156E93 /* Debug */ = {
			isa = XCBuildConfiguration;
			buildSettings = {
				INFOPLIST_FILE = CampusWalkUITests/Info.plist;
				LD_RUNPATH_SEARCH_PATHS = "$(inherited) @executable_path/Frameworks @loader_path/Frameworks";
				PRODUCT_BUNDLE_IDENTIFIER = edu.psu.cse.mom5606.CampusWalkUITests;
				PRODUCT_NAME = "$(TARGET_NAME)";
				TEST_TARGET_NAME = CampusWalk;
				USES_XCTRUNNER = YES;
			};
			name = Debug;
		};
		125368EE1BD5BCFF00156E93 /* Release */ = {
			isa = XCBuildConfiguration;
			buildSettings = {
				INFOPLIST_FILE = CampusWalkUITests/Info.plist;
				LD_RUNPATH_SEARCH_PATHS = "$(inherited) @executable_path/Frameworks @loader_path/Frameworks";
				PRODUCT_BUNDLE_IDENTIFIER = edu.psu.cse.mom5606.CampusWalkUITests;
				PRODUCT_NAME = "$(TARGET_NAME)";
				TEST_TARGET_NAME = CampusWalk;
				USES_XCTRUNNER = YES;
			};
			name = Release;
		};
/* End XCBuildConfiguration section */

/* Begin XCConfigurationList section */
		125368B91BD5BCFE00156E93 /* Build configuration list for PBXProject "CampusWalk" */ = {
			isa = XCConfigurationList;
			buildConfigurations = (
				125368E41BD5BCFF00156E93 /* Debug */,
				125368E51BD5BCFF00156E93 /* Release */,
			);
			defaultConfigurationIsVisible = 0;
			defaultConfigurationName = Release;
		};
		125368E61BD5BCFF00156E93 /* Build configuration list for PBXNativeTarget "CampusWalk" */ = {
			isa = XCConfigurationList;
			buildConfigurations = (
				125368E71BD5BCFF00156E93 /* Debug */,
				125368E81BD5BCFF00156E93 /* Release */,
			);
			defaultConfigurationIsVisible = 0;
			defaultConfigurationName = Release;
		};
		125368E91BD5BCFF00156E93 /* Build configuration list for PBXNativeTarget "CampusWalkTests" */ = {
			isa = XCConfigurationList;
			buildConfigurations = (
				125368EA1BD5BCFF00156E93 /* Debug */,
				125368EB1BD5BCFF00156E93 /* Release */,
			);
			defaultConfigurationIsVisible = 0;
			defaultConfigurationName = Release;
		};
		125368EC1BD5BCFF00156E93 /* Build configuration list for PBXNativeTarget "CampusWalkUITests" */ = {
			isa = XCConfigurationList;
			buildConfigurations = (
				125368ED1BD5BCFF00156E93 /* Debug */,
				125368EE1BD5BCFF00156E93 /* Release */,
			);
			defaultConfigurationIsVisible = 0;
			defaultConfigurationName = Release;
		};
/* End XCConfigurationList section */
	};
	rootObject = 125368B61BD5BCFE00156E93 /* Project object */;
}
