// !$*UTF8*$!
{
	archiveVersion = 1;
	classes = {
	};
	objectVersion = 46;
	objects = {

/* Begin PBXBuildFile section */
		125368C21BD5BCFF00156E93 /* AppDelegate.swift in Sources */ = {isa = PBXBuildFile; fileRef = 125368C11BD5BCFF00156E93 /* AppDelegate.swift */; };
		125368C41BD5BCFF00156E93 /* ViewController.swift in Sources */ = {isa = PBXBuildFile; fileRef = 125368C31BD5BCFF00156E93 /* ViewController.swift */; };
		125368C71BD5BCFF00156E93 /* Main.storyboard in Resources */ = {isa = PBXBuildFile; fileRef = 125368C51BD5BCFF00156E93 /* Main.storyboard */; };
		125368C91BD5BCFF00156E93 /* Assets.xcassets in Resources */ = {isa = PBXBuildFile; fileRef = 125368C81BD5BCFF00156E93 /* Assets.xcassets */; };
		125368CC1BD5BCFF00156E93 /* LaunchScreen.storyboard in Resources */ = {isa = PBXBuildFile; fileRef = 125368CA1BD5BCFF00156E93 /* LaunchScreen.storyboard */; };
		125368D71BD5BCFF00156E93 /* CampusWalkTests.swift in Sources */ = {isa = PBXBuildFile; fileRef = 125368D61BD5BCFF00156E93 /* CampusWalkTests.swift */; };
		125368E21BD5BCFF00156E93 /* CampusWalkUITests.swift in Sources */ = {isa = PBXBuildFile; fileRef = 125368E11BD5BCFF00156E93 /* CampusWalkUITests.swift */; };
		125368F01BD5BD1600156E93 /* MapKit.framework in Frameworks */ = {isa = PBXBuildFile; fileRef = 125368EF1BD5BD1600156E93 /* MapKit.framework */; };
/* End PBXBuildFile section */

/* Begin PBXContainerItemProxy section */
		125368D31BD5BCFF00156E93 /* PBXContainerItemProxy */ = {
			isa = PBXContainerItemProxy;
			containerPortal = 125368B61BD5BCFE00156E93 /* Project object */;
			proxyType = 1;
			remoteGlobalIDString = 125368BD1BD5BCFF00156E93;
			remoteInfo = CampusWalk;
		};
		125368DE1BD5BCFF00156E93 /* PBXContainerItemProxy */ = {
			isa = PBXContainerItemProxy;
			containerPortal = 125368B61BD5BCFE00156E93 /* Project object */;
			proxyType = 1;
			remoteGlobalIDString = 125368BD1BD5BCFF00156E93;
			remoteInfo = CampusWalk;
		};
/* End PBXContainerItemProxy section */

/* Begin PBXFileReference section */
		125368BE1BD5BCFF00156E93 /* CampusWalk.app */ = {isa = PBXFileReference; explicitFileType = wrapper.application; includeInIndex = 0; path = CampusWalk.app; sourceTree = BUILT_PRODUCTS_DIR; };
		125368C11BD5BCFF00156E93 /* AppDelegate.swift */ = {isa = PBXFileReference; lastKnownFileType = sourcecode.swift; path = AppDelegate.swift; sourceTree = "<group>"; };
		125368C31BD5BCFF00156E93 /* ViewController.swift */ = {isa = PBXFileReference; lastKnownFileType = sourcecode.swift; path = ViewController.swift; sourceTree = "<group>"; };
		125368C61BD5BCFF00156E93 /* Base */ = {isa = PBXFileReference; lastKnownFileType = file.storyboard; name = Base; path = Base.lproj/Main.storyboard; sourceTree = "<group>"; };
		125368C81BD5BCFF00156E93 /* Assets.xcassets */ = {isa = PBXFileReference; lastKnownFileType = folder.assetcatalog; path = Assets.xcassets; sourceTree = "<group>"; };
		125368CB1BD5BCFF00156E93 /* Base */ = {isa = PBXFileReference; lastKnownFileType = file.storyboard; name = Base; path = Base.lproj/LaunchScreen.storyboard; sourceTree = "<group>"; };
		125368CD1BD5BCFF00156E93 /* Info.plist */ = {isa = PBXFileReference; lastKnownFileType = text.plist.xml; path = Info.plist; sourceTree = "<group>"; };
		125368D21BD5BCFF00156E93 /* CampusWalkTests.xctest */ = {isa = PBXFileReference; explicitFileType = wrapper.cfbundle; includeInIndex = 0; path = CampusWalkTests.xctest; sourceTree = BUILT_PRODUCTS_DIR; };
		125368D61BD5BCFF00156E93 /* CampusWalkTests.swift */ = {isa = PBXFileReference; lastKnownFileType = sourcecode.swift; path = CampusWalkTests.swift; sourceTree = "<group>"; };
		125368D81BD5BCFF00156E93 /* Info.plist */ = {isa = PBXFileReference; lastKnownFileType = text.plist.xml; path = Info.plist; sourceTree = "<group>"; };
		125368DD1BD5BCFF00156E93 /* CampusWalkUITests.xctest */ = {isa = PBXFileReference; explicitFileType = wrapper.cfbundle; includeInIndex = 0; path = CampusWalkUITests.xctest; sourceTree = BUILT_PRODUCTS_DIR; };
		125368E11BD5BCFF00156E93 /* CampusWalkUITests.swift */ = {isa = PBXFileReference; lastKnownFileType = sourcecode.swift; path = CampusWalkUITests.swift; sourceTree = "<group>"; };
		125368E31BD5BCFF00156E93 /* Info.plist */ = {isa = PBXFileReference; lastKnownFileType = text.plist.xml; path = Info.plist; sourceTree = "<group>"; };
		125368EF1BD5BD1600156E93 /* MapKit.framework */ = {isa = PBXFileReference; lastKnownFileType = wrapper.framework; name = MapKit.framework; path = System/Library/Frameworks/MapKit.framework; sourceTree = SDKROOT; };
/* End PBXFileReference section */

/* Begin PBXFrameworksBuildPhase section */
		125368BB1BD5BCFF00156E93 /* Frameworks */ = {
			isa = PBXFrameworksBuildPhase;
			buildActionMask = 2147483647;
			files = (
				125368F01BD5BD1600156E93 /* MapKit.framework in Frameworks */,
			);
			runOnlyForDeploymentPostprocessing = 0;
		};
		125368CF1BD5BCFF00156E93 /* Frameworks */ = {
			isa = PBXFrameworksBuildPhase;
			buildActionMask = 2147483647;
			files = (
			);
			runOnlyForDeploymentPostprocessing = 0;
		};
		125368DA1BD5BCFF00156E93 /* Frameworks */ = {
			isa = PBXFrameworksBuildPhase;
			buildActionMask = 2147483647;
			files = (
			);
			runOnlyForDeploymentPostprocessing = 0;
		};
/* End PBXFrameworksBuildPhase section */

/* Begin PBXGroup section */
		125368B51BD5BCFE00156E93 = {
			isa = PBXGroup;
			children = (
				125368EF1BD5BD1600156E93 /* MapKit.framework */,
				125368C01BD5BCFF00156E93 /* CampusWalk */,
				125368D51BD5BCFF00156E93 /* CampusWalkTests */,
				125368E01BD5BCFF00156E93 /* CampusWalkUITests */,
				125368BF1BD5BCFF00156E93 /* Products */,
			);
			sourceTree = "<group>";
		};
		125368BF1BD5BCFF00156E93 /* Products */ = {
			isa = PBXGroup;
			children = (
				125368BE1BD5BCFF00156E93 /* CampusWalk.app */,
				125368D21BD5BCFF00156E93 /* CampusWalkTests.xctest */,
				125368DD1BD5BCFF00156E93 /* CampusWalkUITests.xctest */,
			);
			name = Products;
			sourceTree = "<group>";
		};
		125368C01BD5BCFF00156E93 /* CampusWalk */ = {
			isa = PBXGroup;
			children = (
				125368C11BD5BCFF00156E93 /* AppDelegate.swift */,
				125368C31BD5BCFF00156E93 /* ViewController.swift */,
				125368C51BD5BCFF00156E93 /* Main.storyboard */,
				125368C81BD5BCFF00156E93 /* Assets.xcassets */,
				125368CA1BD5BCFF00156E93 /* LaunchScreen.storyboard */,
				125368CD1BD5BCFF00156E93 /* Info.plist */,
			);
			path = CampusWalk;
			sourceTree = "<group>";
		};
		125368D51BD5BCFF00156E93 /* CampusWalkTests */ = {
			isa = PBXGroup;
			children = (
				125368D61BD5BCFF00156E93 /* CampusWalkTests.swift */,
				125368D81BD5BCFF00156E93 /* Info.plist */,
			);
			path = CampusWalkTests;
			sourceTree = "<group>";
		};
		125368E01BD5BCFF00156E93 /* CampusWalkUITests */ = {
			isa = PBXGroup;
			children = (
				125368E11BD5BCFF00156E93 /* CampusWalkUITests.swift */,
				125368E31BD5BCFF00156E93 /* Info.plist */,
			);
			path = CampusWalkUITests;
			sourceTree = "<group>";
		};
/* End PBXGroup section */

/* Begin PBXNativeTarget section */
		125368BD1BD5BCFF00156E93 /* CampusWalk */ = {
			isa = PBXNativeTarget;
			buildConfigurationList = 125368E61BD5BCFF00156E93 /* Build configuration list for PBXNativeTarget "CampusWalk" */;
			buildPhases = (
				125368BA1BD5BCFF00156E93 /* Sources */,
				125368BB1BD5BCFF00156E93 /* Frameworks */,
				125368BC1BD5BCFF00156E93 /* Resources */,
			);
			buildRules = (
			);
			dependencies = (
			);
			name = CampusWalk;
			productName = CampusWalk;
			productReference = 125368BE1BD5BCFF00156E93 /* CampusWalk.app */;
			productType = "com.apple.product-type.application";
		};
		125368D11BD5BCFF00156E93 /* CampusWalkTests */ = {
			isa = PBXNativeTarget;
			buildConfigurationList = 125368E91BD5BCFF00156E93 /* Build configuration list for PBXNativeTarget "CampusWalkTests" */;
			buildPhases = (
				125368CE1BD5BCFF00156E93 /* Sources */,
				125368CF1BD5BCFF00156E93 /* Frameworks */,
				125368D01BD5BCFF00156E93 /* Resources */,
			);
			buildRules = (
			);
			dependencies = (
				125368D41BD5BCFF00156E93 /* PBXTargetDependency */,
			);
			name = CampusWalkTests;
			productName = CampusWalkTests;
			productReference = 125368D21BD5BCFF00156E93 /* CampusWalkTests.xctest */;
			productType = "com.apple.product-type.bundle.unit-test";
		};
		125368DC1BD5BCFF00156E93 /* CampusWalkUITests */ = {
			isa = PBXNativeTarget;
			buildConfigurationList = 125368EC1BD5BCFF00156E93 /* Build configuration list for PBXNativeTarget "CampusWalkUITests" */;
			buildPhases = (
				125368D91BD5BCFF00156E93 /* Sources */,
				125368DA1BD5BCFF00156E93 /* Frameworks */,
				125368DB1BD5BCFF00156E93 /* Resources */,
			);
			buildRules = (
			);
			dependencies = (
				125368DF1BD5BCFF00156E93 /* PBXTargetDependency */,
			);
			name = CampusWalkUITests;
			productName = CampusWalkUITests;
			productReference = 125368DD1BD5BCFF00156E93 /* CampusWalkUITests.xctest */;
			productType = "com.apple.product-type.bundle.ui-testing";
		};
/* End PBXNativeTarget section */

/* Begin PBXProject section */
		125368B61BD5BCFE00156E93 /* Project object */ = {
			isa = PBXProject;
			attributes = {
				LastUpgradeCheck = 0700;
				ORGANIZATIONNAME = "Max Marze";
				TargetAttributes = {
					125368BD1BD5BCFF00156E93 = {
						CreatedOnToolsVersion = 7.0;
					};
					125368D11BD5BCFF00156E93 = {
						CreatedOnToolsVersion = 7.0;
						TestTargetID = 125368BD1BD5BCFF00156E93;
					};
					125368DC1BD5BCFF00156E93 = {
						CreatedOnToolsVersion = 7.0;
						TestTargetID = 125368BD1BD5BCFF00156E93;
					};
				};
			};
			buildConfigurationList = 125368B91BD5BCFE00156E93 /* Build configuration list for PBXProject "CampusWalk" */;
			compatibilityVersion = "Xcode 3.2";
			developmentRegion = English;
			hasScannedForEncodings = 0;
			knownRegions = (
				en,
				Base,
			);
			mainGroup = 125368B51BD5BCFE00156E93;
			productRefGroup = 125368BF1BD5BCFF00156E93 /* Products */;
			projectDirPath = "";
			projectRoot = "";
			targets = (
				125368BD1BD5BCFF00156E93 /* CampusWalk */,
				125368D11BD5BCFF00156E93 /* CampusWalkTests */,
				125368DC1BD5BCFF00156E93 /* CampusWalkUITests */,
			);
		};
/* End PBXProject section */

/* Begin PBXResourcesBuildPhase section */
		125368BC1BD5BCFF00156E93 /* Resources */ = {
			isa = PBXResourcesBuildPhase;
			buildActionMask = 2147483647;
			files = (
				125368CC1BD5BCFF00156E93 /* LaunchScreen.storyboard in Resources */,
				125368C91BD5BCFF00156E93 /* Assets.xcassets in Resources */,
				125368C71BD5BCFF00156E93 /* Main.storyboard in Resources */,
			);
			runOnlyForDeploymentPostprocessing = 0;
		};
		125368D01BD5BCFF00156E93 /* Resources */ = {
			isa = PBXResourcesBuildPhase;
			buildActionMask = 2147483647;
			files = (
			);
			runOnlyForDeploymentPostprocessing = 0;
		};
		125368DB1BD5BCFF00156E93 /* Resources */ = {
			isa = PBXResourcesBuildPhase;
			buildActionMask = 2147483647;
			files = (
			);
			runOnlyForDeploymentPostprocessing = 0;
		};
/* End PBXResourcesBuildPhase section */

/* Begin PBXSourcesBuildPhase section */
		125368BA1BD5BCFF00156E93 /* Sources */ = {
			isa = PBXSourcesBuildPhase;
			buildActionMask = 2147483647;
			files = (
				125368C41BD5BCFF00156E93 /* ViewController.swift in Sources */,
				125368C21BD5BCFF00156E93 /* AppDelegate.swift in Sources */,
			);
			runOnlyForDeploymentPostprocessing = 0;
		};
		125368CE1BD5BCFF00156E93 /* Sources */ = {
			isa = PBXSourcesBuildPhase;
			buildActionMask = 2147483647;
			files = (
				125368D71BD5BCFF00156E93 /* CampusWalkTests.swift in Sources */,
			);
			runOnlyForDeploymentPostprocessing = 0;
		};
		125368D91BD5BCFF00156E93 /* Sources */ = {
			isa = PBXSourcesBuildPhase;
			buildActionMask = 2147483647;
			files = (
				125368E21BD5BCFF00156E93 /* CampusWalkUITests.swift in Sources */,
			);
			runOnlyForDeploymentPostprocessing = 0;
		};
/* End PBXSourcesBuildPhase section */

/* Begin PBXTargetDependency section */
		125368D41BD5BCFF00156E93 /* PBXTargetDependency */ = {
			isa = PBXTargetDependency;
			target = 125368BD1BD5BCFF00156E93 /* CampusWalk */;
			targetProxy = 125368D31BD5BCFF00156E93 /* PBXContainerItemProxy */;
		};
		125368DF1BD5BCFF00156E93 /* PBXTargetDependency */ = {
			isa = PBXTargetDependency;
			target = 125368BD1BD5BCFF00156E93 /* CampusWalk */;
			targetProxy = 125368DE1BD5BCFF00156E93 /* PBXContainerItemProxy */;
		};
/* End PBXTargetDependency section */

/* Begin PBXVariantGroup section */
		125368C51BD5BCFF00156E93 /* Main.storyboard */ = {
			isa = PBXVariantGroup;
			children = (
				125368C61BD5BCFF00156E93 /* Base */,
			);
			name = Main.storyboard;
			sourceTree = "<group>";
		};
		125368CA1BD5BCFF00156E93 /* LaunchScreen.storyboard */ = {
			isa = PBXVariantGroup;
			children = (
				125368CB1BD5BCFF00156E93 /* Base */,
			);
			name = LaunchScreen.storyboard;
			sourceTree = "<group>";
		};
/* End PBXVariantGroup section */

/* Begin XCBuildConfiguration section */
		125368E41BD5BCFF00156E93 /* Debug */ = {
			isa = XCBuildConfiguration;
			buildSettings = {
				ALWAYS_SEARCH_USER_PATHS = NO;
				CLANG_CXX_LANGUAGE_STANDARD = "gnu++0x";
				CLANG_CXX_LIBRARY = "libc++";
				CLANG_ENABLE_MODULES = YES;
				CLANG_ENABLE_OBJC_ARC = YES;
				CLANG_WARN_BOOL_CONVERSION = YES;
				CLANG_WARN_CONSTANT_CONVERSION = YES;
				CLANG_WARN_DIRECT_OBJC_ISA_USAGE = YES_ERROR;
				CLANG_WARN_EMPTY_BODY = YES;
				CLANG_WARN_ENUM_CONVERSION = YES;
				CLANG_WARN_INT_CONVERSION = YES;
				CLANG_WARN_OBJC_ROOT_CLASS = YES_ERROR;
				CLANG_WARN_UNREACHABLE_CODE = YES;
				CLANG_WARN__DUPLICATE_METHOD_MATCH = YES;
				"CODE_SIGN_IDENTITY[sdk=iphoneos*]" = "iPhone Developer";
				COPY_PHASE_STRIP = NO;
				DEBUG_INFORMATION_FORMAT = dwarf;
				ENABLE_STRICT_OBJC_MSGSEND = YES;
				ENABLE_TESTABILITY = YES;
				GCC_C_LANGUAGE_STANDARD = gnu99;
				GCC_DYNAMIC_NO_PIC = NO;
				GCC_NO_COMMON_BLOCKS = YES;
				GCC_OPTIMIZATION_LEVEL = 0;
				GCC_PREPROCESSOR_DEFINITIONS = (
					"DEBUG=1",
					"$(inherited)",
				);
				GCC_WARN_64_TO_32_BIT_CONVERSION = YES;
				GCC_WARN_ABOUT_RETURN_TYPE = YES_ERROR;
				GCC_WARN_UNDECLARED_SELECTOR = YES;
				GCC_WARN_UNINITIALIZED_AUTOS = YES_AGGRESSIVE;
				GCC_WARN_UNUSED_FUNCTION = YES;
				GCC_WARN_UNUSED_VARIABLE = YES;
				IPHONEOS_DEPLOYMENT_TARGET = 9.0;
				MTL_ENABLE_DEBUG_INFO = YES;
				ONLY_ACTIVE_ARCH = YES;
				SDKROOT = iphoneos;
				SWIFT_OPTIMIZATION_LEVEL = "-Onone";
				TARGETED_DEVICE_FAMILY = "1,2";
			};
			name = Debug;
		};
		125368E51BD5BCFF00156E93 /* Release */ = {
			isa = XCBuildConfiguration;
			buildSettings = {
				ALWAYS_SEARCH_USER_PATHS = NO;
				CLANG_CXX_LANGUAGE_STANDARD = "gnu++0x";
				CLANG_CXX_LIBRARY = "libc++";
				CLANG_ENABLE_MODULES = YES;
				CLANG_ENABLE_OBJC_ARC = YES;
				CLANG_WARN_BOOL_CONVERSION = YES;
				CLANG_WARN_CONSTANT_CONVERSION = YES;
				CLANG_WARN_DIRECT_OBJC_ISA_USAGE = YES_ERROR;
				CLANG_WARN_EMPTY_BODY = YES;
				CLANG_WARN_ENUM_CONVERSION = YES;
				CLANG_WARN_INT_CONVERSION = YES;
				CLANG_WARN_OBJC_ROOT_CLASS = YES_ERROR;
				CLANG_WARN_UNREACHABLE_CODE = YES;
				CLANG_WARN__DUPLICATE_METHOD_MATCH = YES;
				"CODE_SIGN_IDENTITY[sdk=iphoneos*]" = "iPhone Developer";
				COPY_PHASE_STRIP = NO;
				DEBUG_INFORMATION_FORMAT = "dwarf-with-dsym";
				ENABLE_NS_ASSERTIONS = NO;
				ENABLE_STRICT_OBJC_MSGSEND = YES;
				GCC_C_LANGUAGE_STANDARD = gnu99;
				GCC_NO_COMMON_BLOCKS = YES;
				GCC_WARN_64_TO_32_BIT_CONVERSION = YES;
				GCC_WARN_ABOUT_RETURN_TYPE = YES_ERROR;
				GCC_WARN_UNDECLARED_SELECTOR = YES;
				GCC_WARN_UNINITIALIZED_AUTOS = YES_AGGRESSIVE;
				GCC_WARN_UNUSED_FUNCTION = YES;
				GCC_WARN_UNUSED_VARIABLE = YES;
				IPHONEOS_DEPLOYMENT_TARGET = 9.0;
				MTL_ENABLE_DEBUG_INFO = NO;
				SDKROOT = iphoneos;
				TARGETED_DEVICE_FAMILY = "1,2";
				VALIDATE_PRODUCT = YES;
			};
			name = Release;
		};
		125368E71BD5BCFF00156E93 /* Debug */ = {
			isa = XCBuildConfiguration;
			buildSettings = {
				ASSETCATALOG_COMPILER_APPICON_NAME = AppIcon;
				INFOPLIST_FILE = CampusWalk/Info.plist;
				LD_RUNPATH_SEARCH_PATHS = "$(inherited) @executable_path/Frameworks";
				PRODUCT_BUNDLE_IDENTIFIER = edu.psu.cse.mom5606.CampusWalk;
				PRODUCT_NAME = "$(TARGET_NAME)";
			};
			name = Debug;
		};
		125368E81BD5BCFF00156E93 /* Release */ = {
			isa = XCBuildConfiguration;
			buildSettings = {
				ASSETCATALOG_COMPILER_APPICON_NAME = AppIcon;
				INFOPLIST_FILE = CampusWalk/Info.plist;
				LD_RUNPATH_SEARCH_PATHS = "$(inherited) @executable_path/Frameworks";
				PRODUCT_BUNDLE_IDENTIFIER = edu.psu.cse.mom5606.CampusWalk;
				PRODUCT_NAME = "$(TARGET_NAME)";
			};
			name = Release;
		};
		125368EA1BD5BCFF00156E93 /* Debug */ = {
			isa = XCBuildConfiguration;
			buildSettings = {
				BUNDLE_LOADER = "$(TEST_HOST)";
				INFOPLIST_FILE = CampusWalkTests/Info.plist;
				LD_RUNPATH_SEARCH_PATHS = "$(inherited) @executable_path/Frameworks @loader_path/Frameworks";
				PRODUCT_BUNDLE_IDENTIFIER = edu.psu.cse.mom5606.CampusWalkTests;
				PRODUCT_NAME = "$(TARGET_NAME)";
				TEST_HOST = "$(BUILT_PRODUCTS_DIR)/CampusWalk.app/CampusWalk";
			};
			name = Debug;
		};
		125368EB1BD5BCFF00156E93 /* Release */ = {
			isa = XCBuildConfiguration;
			buildSettings = {
				BUNDLE_LOADER = "$(TEST_HOST)";
				INFOPLIST_FILE = CampusWalkTests/Info.plist;
				LD_RUNPATH_SEARCH_PATHS = "$(inherited) @executable_path/Frameworks @loader_path/Frameworks";
				PRODUCT_BUNDLE_IDENTIFIER = edu.psu.cse.mom5606.CampusWalkTests;
				PRODUCT_NAME = "$(TARGET_NAME)";
				TEST_HOST = "$(BUILT_PRODUCTS_DIR)/CampusWalk.app/CampusWalk";
			};
			name = Release;
		};
		125368ED1BD5BCFF00156E93 /* Debug */ = {
			isa = XCBuildConfiguration;
			buildSettings = {
				INFOPLIST_FILE = CampusWalkUITests/Info.plist;
				LD_RUNPATH_SEARCH_PATHS = "$(inherited) @executable_path/Frameworks @loader_path/Frameworks";
				PRODUCT_BUNDLE_IDENTIFIER = edu.psu.cse.mom5606.CampusWalkUITests;
				PRODUCT_NAME = "$(TARGET_NAME)";
				TEST_TARGET_NAME = CampusWalk;
				USES_XCTRUNNER = YES;
			};
			name = Debug;
		};
		125368EE1BD5BCFF00156E93 /* Release */ = {
			isa = XCBuildConfiguration;
			buildSettings = {
				INFOPLIST_FILE = CampusWalkUITests/Info.plist;
				LD_RUNPATH_SEARCH_PATHS = "$(inherited) @executable_path/Frameworks @loader_path/Frameworks";
				PRODUCT_BUNDLE_IDENTIFIER = edu.psu.cse.mom5606.CampusWalkUITests;
				PRODUCT_NAME = "$(TARGET_NAME)";
				TEST_TARGET_NAME = CampusWalk;
				USES_XCTRUNNER = YES;
			};
			name = Release;
		};
/* End XCBuildConfiguration section */

/* Begin XCConfigurationList section */
		125368B91BD5BCFE00156E93 /* Build configuration list for PBXProject "CampusWalk" */ = {
			isa = XCConfigurationList;
			buildConfigurations = (
				125368E41BD5BCFF00156E93 /* Debug */,
				125368E51BD5BCFF00156E93 /* Release */,
			);
			defaultConfigurationIsVisible = 0;
			defaultConfigurationName = Release;
		};
		125368E61BD5BCFF00156E93 /* Build configuration list for PBXNativeTarget "CampusWalk" */ = {
			isa = XCConfigurationList;
			buildConfigurations = (
				125368E71BD5BCFF00156E93 /* Debug */,
				125368E81BD5BCFF00156E93 /* Release */,
			);
			defaultConfigurationIsVisible = 0;
		};
		125368E91BD5BCFF00156E93 /* Build configuration list for PBXNativeTarget "CampusWalkTests" */ = {
			isa = XCConfigurationList;
			buildConfigurations = (
				125368EA1BD5BCFF00156E93 /* Debug */,
				125368EB1BD5BCFF00156E93 /* Release */,
			);
			defaultConfigurationIsVisible = 0;
		};
		125368EC1BD5BCFF00156E93 /* Build configuration list for PBXNativeTarget "CampusWalkUITests" */ = {
			isa = XCConfigurationList;
			buildConfigurations = (
				125368ED1BD5BCFF00156E93 /* Debug */,
				125368EE1BD5BCFF00156E93 /* Release */,
			);
			defaultConfigurationIsVisible = 0;
		};
/* End XCConfigurationList section */
	};
	rootObject = 125368B61BD5BCFE00156E93 /* Project object */;
}
