// !$*UTF8*$!
{
	archiveVersion = 1;
	classes = {
	};
	objectVersion = 46;
	objects = {

/* Begin PBXBuildFile section */
		123AEA361BC0218F00E171F2 /* Contents.json in Resources */ = {isa = PBXBuildFile; fileRef = 123AEA2B1BC0218F00E171F2 /* Contents.json */; settings = {ASSET_TAGS = (); }; };
		123AEA4B1BC0223300E171F2 /* Icon-40.png in Resources */ = {isa = PBXBuildFile; fileRef = 123AEA411BC0223300E171F2 /* Icon-40.png */; settings = {ASSET_TAGS = (); }; };
		123AEA4C1BC0223300E171F2 /* Icon-40@2x.png in Resources */ = {isa = PBXBuildFile; fileRef = 123AEA421BC0223300E171F2 /* Icon-40@2x.png */; settings = {ASSET_TAGS = (); }; };
		123AEA4D1BC0223300E171F2 /* Icon-40@3x.png in Resources */ = {isa = PBXBuildFile; fileRef = 123AEA431BC0223300E171F2 /* Icon-40@3x.png */; settings = {ASSET_TAGS = (); }; };
		123AEA4E1BC0223300E171F2 /* Icon-60@2x.png in Resources */ = {isa = PBXBuildFile; fileRef = 123AEA441BC0223300E171F2 /* Icon-60@2x.png */; settings = {ASSET_TAGS = (); }; };
		123AEA4F1BC0223300E171F2 /* Icon-60@3x.png in Resources */ = {isa = PBXBuildFile; fileRef = 123AEA451BC0223300E171F2 /* Icon-60@3x.png */; settings = {ASSET_TAGS = (); }; };
		123AEA501BC0223300E171F2 /* Icon-76.png in Resources */ = {isa = PBXBuildFile; fileRef = 123AEA461BC0223300E171F2 /* Icon-76.png */; settings = {ASSET_TAGS = (); }; };
		123AEA511BC0223300E171F2 /* Icon-76@2x.png in Resources */ = {isa = PBXBuildFile; fileRef = 123AEA471BC0223300E171F2 /* Icon-76@2x.png */; settings = {ASSET_TAGS = (); }; };
		123AEA521BC0223300E171F2 /* Icon-Small.png in Resources */ = {isa = PBXBuildFile; fileRef = 123AEA481BC0223300E171F2 /* Icon-Small.png */; settings = {ASSET_TAGS = (); }; };
		123AEA531BC0223300E171F2 /* Icon-Small@2x.png in Resources */ = {isa = PBXBuildFile; fileRef = 123AEA491BC0223300E171F2 /* Icon-Small@2x.png */; settings = {ASSET_TAGS = (); }; };
		123AEA541BC0223300E171F2 /* Icon-Small@3x.png in Resources */ = {isa = PBXBuildFile; fileRef = 123AEA4A1BC0223300E171F2 /* Icon-Small@3x.png */; settings = {ASSET_TAGS = (); }; };
		12446E581BC965CE00B0EA31 /* ParkCollectionViewCell.swift in Sources */ = {isa = PBXBuildFile; fileRef = 12446E571BC965CE00B0EA31 /* ParkCollectionViewCell.swift */; settings = {ASSET_TAGS = (); }; };
		12446E5A1BC965F300B0EA31 /* ParkCollectionViewController.swift in Sources */ = {isa = PBXBuildFile; fileRef = 12446E591BC965F300B0EA31 /* ParkCollectionViewController.swift */; settings = {ASSET_TAGS = (); }; };
		12446E5C1BC9671D00B0EA31 /* ParkCollectionReusableView.swift in Sources */ = {isa = PBXBuildFile; fileRef = 12446E5B1BC9671D00B0EA31 /* ParkCollectionReusableView.swift */; settings = {ASSET_TAGS = (); }; };
		126CB6D01BCA153D002F140A /* table.png in Resources */ = {isa = PBXBuildFile; fileRef = 126CB6CE1BCA153D002F140A /* table.png */; settings = {ASSET_TAGS = (); }; };
		126CB6D11BCA153D002F140A /* collection.png in Resources */ = {isa = PBXBuildFile; fileRef = 126CB6CF1BCA153D002F140A /* collection.png */; settings = {ASSET_TAGS = (); }; };
		127573E61BC3712C0022AA39 /* tabBoard.storyboard in Resources */ = {isa = PBXBuildFile; fileRef = 127573E41BC3712C0022AA39 /* tabBoard.storyboard */; settings = {ASSET_TAGS = (); }; };
		127573EA1BC37BA70022AA39 /* ParkTableViewController.swift in Sources */ = {isa = PBXBuildFile; fileRef = 127573E91BC37BA70022AA39 /* ParkTableViewController.swift */; settings = {ASSET_TAGS = (); }; };
		1278F0791BC464C0002BFAF0 /* ParkTableViewCell.swift in Sources */ = {isa = PBXBuildFile; fileRef = 1278F0781BC464C0002BFAF0 /* ParkTableViewCell.swift */; settings = {ASSET_TAGS = (); }; };
		12CF95351BB9B72E00CACE61 /* AppDelegate.swift in Sources */ = {isa = PBXBuildFile; fileRef = 12CF95341BB9B72E00CACE61 /* AppDelegate.swift */; };
		12CF95371BB9B72E00CACE61 /* ViewController.swift in Sources */ = {isa = PBXBuildFile; fileRef = 12CF95361BB9B72E00CACE61 /* ViewController.swift */; };
		12CF953A1BB9B72E00CACE61 /* Main.storyboard in Resources */ = {isa = PBXBuildFile; fileRef = 12CF95381BB9B72E00CACE61 /* Main.storyboard */; };
		12CF953C1BB9B72E00CACE61 /* Assets.xcassets in Resources */ = {isa = PBXBuildFile; fileRef = 12CF953B1BB9B72E00CACE61 /* Assets.xcassets */; };
		12CF953F1BB9B72E00CACE61 /* LaunchScreen.storyboard in Resources */ = {isa = PBXBuildFile; fileRef = 12CF953D1BB9B72E00CACE61 /* LaunchScreen.storyboard */; };
		12CF954A1BB9B72E00CACE61 /* ParkScrollTests.swift in Sources */ = {isa = PBXBuildFile; fileRef = 12CF95491BB9B72E00CACE61 /* ParkScrollTests.swift */; };
		12CF95861BB9B80200CACE61 /* arrowDown.png in Resources */ = {isa = PBXBuildFile; fileRef = 12CF95631BB9B80200CACE61 /* arrowDown.png */; settings = {ASSET_TAGS = (); }; };
		12CF95871BB9B80200CACE61 /* arrowLeft.png in Resources */ = {isa = PBXBuildFile; fileRef = 12CF95641BB9B80200CACE61 /* arrowLeft.png */; settings = {ASSET_TAGS = (); }; };
		12CF95881BB9B80200CACE61 /* arrowRight.png in Resources */ = {isa = PBXBuildFile; fileRef = 12CF95651BB9B80200CACE61 /* arrowRight.png */; settings = {ASSET_TAGS = (); }; };
		12CF95891BB9B80200CACE61 /* arrowUp.png in Resources */ = {isa = PBXBuildFile; fileRef = 12CF95661BB9B80200CACE61 /* arrowUp.png */; settings = {ASSET_TAGS = (); }; };
		12CF958A1BB9B80200CACE61 /* BryceCanyon01.jpg in Resources */ = {isa = PBXBuildFile; fileRef = 12CF95671BB9B80200CACE61 /* BryceCanyon01.jpg */; settings = {ASSET_TAGS = (); }; };
		12CF958B1BB9B80200CACE61 /* BryceCanyon02.jpg in Resources */ = {isa = PBXBuildFile; fileRef = 12CF95681BB9B80200CACE61 /* BryceCanyon02.jpg */; settings = {ASSET_TAGS = (); }; };
		12CF958C1BB9B80200CACE61 /* BryceCanyon03.jpg in Resources */ = {isa = PBXBuildFile; fileRef = 12CF95691BB9B80200CACE61 /* BryceCanyon03.jpg */; settings = {ASSET_TAGS = (); }; };
		12CF958D1BB9B80200CACE61 /* Carlsbad01.jpg in Resources */ = {isa = PBXBuildFile; fileRef = 12CF956A1BB9B80200CACE61 /* Carlsbad01.jpg */; settings = {ASSET_TAGS = (); }; };
		12CF958E1BB9B80200CACE61 /* Carlsbad02.jpg in Resources */ = {isa = PBXBuildFile; fileRef = 12CF956B1BB9B80200CACE61 /* Carlsbad02.jpg */; settings = {ASSET_TAGS = (); }; };
		12CF958F1BB9B80200CACE61 /* Carlsbad03.jpg in Resources */ = {isa = PBXBuildFile; fileRef = 12CF956C1BB9B80200CACE61 /* Carlsbad03.jpg */; settings = {ASSET_TAGS = (); }; };
		12CF95901BB9B80200CACE61 /* Carlsbad04.jpg in Resources */ = {isa = PBXBuildFile; fileRef = 12CF956D1BB9B80200CACE61 /* Carlsbad04.jpg */; settings = {ASSET_TAGS = (); }; };
		12CF95911BB9B80200CACE61 /* Everglades01.jpg in Resources */ = {isa = PBXBuildFile; fileRef = 12CF956E1BB9B80200CACE61 /* Everglades01.jpg */; settings = {ASSET_TAGS = (); }; };
		12CF95921BB9B80200CACE61 /* Everglades02.jpg in Resources */ = {isa = PBXBuildFile; fileRef = 12CF956F1BB9B80200CACE61 /* Everglades02.jpg */; settings = {ASSET_TAGS = (); }; };
		12CF95931BB9B80200CACE61 /* Glacier01.jpg in Resources */ = {isa = PBXBuildFile; fileRef = 12CF95701BB9B80200CACE61 /* Glacier01.jpg */; settings = {ASSET_TAGS = (); }; };
		12CF95941BB9B80200CACE61 /* Glacier02.jpg in Resources */ = {isa = PBXBuildFile; fileRef = 12CF95711BB9B80200CACE61 /* Glacier02.jpg */; settings = {ASSET_TAGS = (); }; };
		12CF95951BB9B80200CACE61 /* Glacier03.jpg in Resources */ = {isa = PBXBuildFile; fileRef = 12CF95721BB9B80200CACE61 /* Glacier03.jpg */; settings = {ASSET_TAGS = (); }; };
		12CF95961BB9B80200CACE61 /* Glacier04.jpg in Resources */ = {isa = PBXBuildFile; fileRef = 12CF95731BB9B80200CACE61 /* Glacier04.jpg */; settings = {ASSET_TAGS = (); }; };
		12CF95971BB9B80200CACE61 /* GrandTeton01.jpg in Resources */ = {isa = PBXBuildFile; fileRef = 12CF95741BB9B80200CACE61 /* GrandTeton01.jpg */; settings = {ASSET_TAGS = (); }; };
		12CF95981BB9B80200CACE61 /* GrandTeton02.jpg in Resources */ = {isa = PBXBuildFile; fileRef = 12CF95751BB9B80200CACE61 /* GrandTeton02.jpg */; settings = {ASSET_TAGS = (); }; };
		12CF95991BB9B80200CACE61 /* nps-logo.png in Resources */ = {isa = PBXBuildFile; fileRef = 12CF95761BB9B80200CACE61 /* nps-logo.png */; settings = {ASSET_TAGS = (); }; };
		12CF959A1BB9B80200CACE61 /* NPSbw.png in Resources */ = {isa = PBXBuildFile; fileRef = 12CF95771BB9B80200CACE61 /* NPSbw.png */; settings = {ASSET_TAGS = (); }; };
		12CF959B1BB9B80200CACE61 /* Photos.plist in Resources */ = {isa = PBXBuildFile; fileRef = 12CF95781BB9B80200CACE61 /* Photos.plist */; settings = {ASSET_TAGS = (); }; };
		12CF959C1BB9B80200CACE61 /* Yellowstone01.jpg in Resources */ = {isa = PBXBuildFile; fileRef = 12CF95791BB9B80200CACE61 /* Yellowstone01.jpg */; settings = {ASSET_TAGS = (); }; };
		12CF959D1BB9B80200CACE61 /* Yellowstone02.jpg in Resources */ = {isa = PBXBuildFile; fileRef = 12CF957A1BB9B80200CACE61 /* Yellowstone02.jpg */; settings = {ASSET_TAGS = (); }; };
		12CF959E1BB9B80200CACE61 /* Yellowstone03.jpg in Resources */ = {isa = PBXBuildFile; fileRef = 12CF957B1BB9B80200CACE61 /* Yellowstone03.jpg */; settings = {ASSET_TAGS = (); }; };
		12CF959F1BB9B80200CACE61 /* Yellowstone04.jpg in Resources */ = {isa = PBXBuildFile; fileRef = 12CF957C1BB9B80200CACE61 /* Yellowstone04.jpg */; settings = {ASSET_TAGS = (); }; };
		12CF95A01BB9B80200CACE61 /* Yosemite01.jpg in Resources */ = {isa = PBXBuildFile; fileRef = 12CF957D1BB9B80200CACE61 /* Yosemite01.jpg */; settings = {ASSET_TAGS = (); }; };
		12CF95A11BB9B80200CACE61 /* Yosemite02.jpg in Resources */ = {isa = PBXBuildFile; fileRef = 12CF957E1BB9B80200CACE61 /* Yosemite02.jpg */; settings = {ASSET_TAGS = (); }; };
		12CF95A21BB9B80200CACE61 /* Yosemite03.jpg in Resources */ = {isa = PBXBuildFile; fileRef = 12CF957F1BB9B80200CACE61 /* Yosemite03.jpg */; settings = {ASSET_TAGS = (); }; };
		12CF95A31BB9B80200CACE61 /* Yosemite04.jpg in Resources */ = {isa = PBXBuildFile; fileRef = 12CF95801BB9B80200CACE61 /* Yosemite04.jpg */; settings = {ASSET_TAGS = (); }; };
		12CF95A41BB9B80200CACE61 /* Yosemite05.jpg in Resources */ = {isa = PBXBuildFile; fileRef = 12CF95811BB9B80200CACE61 /* Yosemite05.jpg */; settings = {ASSET_TAGS = (); }; };
		12CF95A51BB9B80200CACE61 /* Yosemite06.jpg in Resources */ = {isa = PBXBuildFile; fileRef = 12CF95821BB9B80200CACE61 /* Yosemite06.jpg */; settings = {ASSET_TAGS = (); }; };
		12CF95A61BB9B80200CACE61 /* Zion01.jpg in Resources */ = {isa = PBXBuildFile; fileRef = 12CF95831BB9B80200CACE61 /* Zion01.jpg */; settings = {ASSET_TAGS = (); }; };
		12CF95A71BB9B80200CACE61 /* Zion02.jpg in Resources */ = {isa = PBXBuildFile; fileRef = 12CF95841BB9B80200CACE61 /* Zion02.jpg */; settings = {ASSET_TAGS = (); }; };
		12CF95A81BB9B80200CACE61 /* Zion03.jpg in Resources */ = {isa = PBXBuildFile; fileRef = 12CF95851BB9B80200CACE61 /* Zion03.jpg */; settings = {ASSET_TAGS = (); }; };
		12CF95AA1BB9B84C00CACE61 /* ParkModel.swift in Sources */ = {isa = PBXBuildFile; fileRef = 12CF95A91BB9B84C00CACE61 /* ParkModel.swift */; settings = {ASSET_TAGS = (); }; };
		12EB927F1BC0D848009BCBCF /* ParkScrollUITests.swift in Sources */ = {isa = PBXBuildFile; fileRef = 12EB927E1BC0D848009BCBCF /* ParkScrollUITests.swift */; settings = {ASSET_TAGS = (); }; };
		12F955211BC0D5B700BCA8D2 /* Info.plist in Resources */ = {isa = PBXBuildFile; fileRef = 12F9551F1BC0D5B700BCA8D2 /* Info.plist */; settings = {ASSET_TAGS = (); }; };
/* End PBXBuildFile section */

/* Begin PBXContainerItemProxy section */
		12CF95461BB9B72E00CACE61 /* PBXContainerItemProxy */ = {
			isa = PBXContainerItemProxy;
			containerPortal = 12CF95291BB9B72E00CACE61 /* Project object */;
			proxyType = 1;
			remoteGlobalIDString = 12CF95301BB9B72E00CACE61;
			remoteInfo = ParkScroll;
		};
		12CF95511BB9B72E00CACE61 /* PBXContainerItemProxy */ = {
			isa = PBXContainerItemProxy;
			containerPortal = 12CF95291BB9B72E00CACE61 /* Project object */;
			proxyType = 1;
			remoteGlobalIDString = 12CF95301BB9B72E00CACE61;
			remoteInfo = ParkScroll;
		};
/* End PBXContainerItemProxy section */

/* Begin PBXFileReference section */
		123AEA2B1BC0218F00E171F2 /* Contents.json */ = {isa = PBXFileReference; fileEncoding = 4; lastKnownFileType = text.json; path = Contents.json; sourceTree = "<group>"; };
		123AEA411BC0223300E171F2 /* Icon-40.png */ = {isa = PBXFileReference; lastKnownFileType = image.png; path = "Icon-40.png"; sourceTree = "<group>"; };
		123AEA421BC0223300E171F2 /* Icon-40@2x.png */ = {isa = PBXFileReference; lastKnownFileType = image.png; path = "Icon-40@2x.png"; sourceTree = "<group>"; };
		123AEA431BC0223300E171F2 /* Icon-40@3x.png */ = {isa = PBXFileReference; lastKnownFileType = image.png; path = "Icon-40@3x.png"; sourceTree = "<group>"; };
		123AEA441BC0223300E171F2 /* Icon-60@2x.png */ = {isa = PBXFileReference; lastKnownFileType = image.png; path = "Icon-60@2x.png"; sourceTree = "<group>"; };
		123AEA451BC0223300E171F2 /* Icon-60@3x.png */ = {isa = PBXFileReference; lastKnownFileType = image.png; path = "Icon-60@3x.png"; sourceTree = "<group>"; };
		123AEA461BC0223300E171F2 /* Icon-76.png */ = {isa = PBXFileReference; lastKnownFileType = image.png; path = "Icon-76.png"; sourceTree = "<group>"; };
		123AEA471BC0223300E171F2 /* Icon-76@2x.png */ = {isa = PBXFileReference; lastKnownFileType = image.png; path = "Icon-76@2x.png"; sourceTree = "<group>"; };
		123AEA481BC0223300E171F2 /* Icon-Small.png */ = {isa = PBXFileReference; lastKnownFileType = image.png; path = "Icon-Small.png"; sourceTree = "<group>"; };
		123AEA491BC0223300E171F2 /* Icon-Small@2x.png */ = {isa = PBXFileReference; lastKnownFileType = image.png; path = "Icon-Small@2x.png"; sourceTree = "<group>"; };
		123AEA4A1BC0223300E171F2 /* Icon-Small@3x.png */ = {isa = PBXFileReference; lastKnownFileType = image.png; path = "Icon-Small@3x.png"; sourceTree = "<group>"; };
		12446E571BC965CE00B0EA31 /* ParkCollectionViewCell.swift */ = {isa = PBXFileReference; fileEncoding = 4; lastKnownFileType = sourcecode.swift; path = ParkCollectionViewCell.swift; sourceTree = "<group>"; };
		12446E591BC965F300B0EA31 /* ParkCollectionViewController.swift */ = {isa = PBXFileReference; fileEncoding = 4; lastKnownFileType = sourcecode.swift; path = ParkCollectionViewController.swift; sourceTree = "<group>"; };
		12446E5B1BC9671D00B0EA31 /* ParkCollectionReusableView.swift */ = {isa = PBXFileReference; fileEncoding = 4; lastKnownFileType = sourcecode.swift; path = ParkCollectionReusableView.swift; sourceTree = "<group>"; };
		126CB6CE1BCA153D002F140A /* table.png */ = {isa = PBXFileReference; lastKnownFileType = image.png; path = table.png; sourceTree = "<group>"; };
		126CB6CF1BCA153D002F140A /* collection.png */ = {isa = PBXFileReference; lastKnownFileType = image.png; path = collection.png; sourceTree = "<group>"; };
		127573E51BC3712C0022AA39 /* Base */ = {isa = PBXFileReference; lastKnownFileType = file.storyboard; name = Base; path = Base.lproj/tabBoard.storyboard; sourceTree = "<group>"; };
		127573E91BC37BA70022AA39 /* ParkTableViewController.swift */ = {isa = PBXFileReference; fileEncoding = 4; lastKnownFileType = sourcecode.swift; path = ParkTableViewController.swift; sourceTree = "<group>"; };
		1278F0781BC464C0002BFAF0 /* ParkTableViewCell.swift */ = {isa = PBXFileReference; fileEncoding = 4; lastKnownFileType = sourcecode.swift; path = ParkTableViewCell.swift; sourceTree = "<group>"; };
		12CF95311BB9B72E00CACE61 /* ParkScroll.app */ = {isa = PBXFileReference; explicitFileType = wrapper.application; includeInIndex = 0; path = ParkScroll.app; sourceTree = BUILT_PRODUCTS_DIR; };
		12CF95341BB9B72E00CACE61 /* AppDelegate.swift */ = {isa = PBXFileReference; lastKnownFileType = sourcecode.swift; path = AppDelegate.swift; sourceTree = "<group>"; };
		12CF95361BB9B72E00CACE61 /* ViewController.swift */ = {isa = PBXFileReference; lastKnownFileType = sourcecode.swift; path = ViewController.swift; sourceTree = "<group>"; };
		12CF95391BB9B72E00CACE61 /* Base */ = {isa = PBXFileReference; lastKnownFileType = file.storyboard; name = Base; path = Base.lproj/Main.storyboard; sourceTree = "<group>"; };
		12CF953B1BB9B72E00CACE61 /* Assets.xcassets */ = {isa = PBXFileReference; lastKnownFileType = folder.assetcatalog; path = Assets.xcassets; sourceTree = "<group>"; };
		12CF953E1BB9B72E00CACE61 /* Base */ = {isa = PBXFileReference; lastKnownFileType = file.storyboard; name = Base; path = Base.lproj/LaunchScreen.storyboard; sourceTree = "<group>"; };
		12CF95401BB9B72E00CACE61 /* Info.plist */ = {isa = PBXFileReference; lastKnownFileType = text.plist.xml; path = Info.plist; sourceTree = "<group>"; };
		12CF95451BB9B72E00CACE61 /* ParkScrollTests.xctest */ = {isa = PBXFileReference; explicitFileType = wrapper.cfbundle; includeInIndex = 0; path = ParkScrollTests.xctest; sourceTree = BUILT_PRODUCTS_DIR; };
		12CF95491BB9B72E00CACE61 /* ParkScrollTests.swift */ = {isa = PBXFileReference; lastKnownFileType = sourcecode.swift; path = ParkScrollTests.swift; sourceTree = "<group>"; };
		12CF954B1BB9B72E00CACE61 /* Info.plist */ = {isa = PBXFileReference; lastKnownFileType = text.plist.xml; path = Info.plist; sourceTree = "<group>"; };
		12CF95501BB9B72E00CACE61 /* ParkScrollUITests.xctest */ = {isa = PBXFileReference; explicitFileType = wrapper.cfbundle; includeInIndex = 0; path = ParkScrollUITests.xctest; sourceTree = BUILT_PRODUCTS_DIR; };
		12CF95631BB9B80200CACE61 /* arrowDown.png */ = {isa = PBXFileReference; lastKnownFileType = image.png; path = arrowDown.png; sourceTree = "<group>"; };
		12CF95641BB9B80200CACE61 /* arrowLeft.png */ = {isa = PBXFileReference; lastKnownFileType = image.png; path = arrowLeft.png; sourceTree = "<group>"; };
		12CF95651BB9B80200CACE61 /* arrowRight.png */ = {isa = PBXFileReference; lastKnownFileType = image.png; path = arrowRight.png; sourceTree = "<group>"; };
		12CF95661BB9B80200CACE61 /* arrowUp.png */ = {isa = PBXFileReference; lastKnownFileType = image.png; path = arrowUp.png; sourceTree = "<group>"; };
		12CF95671BB9B80200CACE61 /* BryceCanyon01.jpg */ = {isa = PBXFileReference; lastKnownFileType = image.jpeg; path = BryceCanyon01.jpg; sourceTree = "<group>"; };
		12CF95681BB9B80200CACE61 /* BryceCanyon02.jpg */ = {isa = PBXFileReference; lastKnownFileType = image.jpeg; path = BryceCanyon02.jpg; sourceTree = "<group>"; };
		12CF95691BB9B80200CACE61 /* BryceCanyon03.jpg */ = {isa = PBXFileReference; lastKnownFileType = image.jpeg; path = BryceCanyon03.jpg; sourceTree = "<group>"; };
		12CF956A1BB9B80200CACE61 /* Carlsbad01.jpg */ = {isa = PBXFileReference; lastKnownFileType = image.jpeg; path = Carlsbad01.jpg; sourceTree = "<group>"; };
		12CF956B1BB9B80200CACE61 /* Carlsbad02.jpg */ = {isa = PBXFileReference; lastKnownFileType = image.jpeg; path = Carlsbad02.jpg; sourceTree = "<group>"; };
		12CF956C1BB9B80200CACE61 /* Carlsbad03.jpg */ = {isa = PBXFileReference; lastKnownFileType = image.jpeg; path = Carlsbad03.jpg; sourceTree = "<group>"; };
		12CF956D1BB9B80200CACE61 /* Carlsbad04.jpg */ = {isa = PBXFileReference; lastKnownFileType = image.jpeg; path = Carlsbad04.jpg; sourceTree = "<group>"; };
		12CF956E1BB9B80200CACE61 /* Everglades01.jpg */ = {isa = PBXFileReference; lastKnownFileType = image.jpeg; path = Everglades01.jpg; sourceTree = "<group>"; };
		12CF956F1BB9B80200CACE61 /* Everglades02.jpg */ = {isa = PBXFileReference; lastKnownFileType = image.jpeg; path = Everglades02.jpg; sourceTree = "<group>"; };
		12CF95701BB9B80200CACE61 /* Glacier01.jpg */ = {isa = PBXFileReference; lastKnownFileType = image.jpeg; path = Glacier01.jpg; sourceTree = "<group>"; };
		12CF95711BB9B80200CACE61 /* Glacier02.jpg */ = {isa = PBXFileReference; lastKnownFileType = image.jpeg; path = Glacier02.jpg; sourceTree = "<group>"; };
		12CF95721BB9B80200CACE61 /* Glacier03.jpg */ = {isa = PBXFileReference; lastKnownFileType = image.jpeg; path = Glacier03.jpg; sourceTree = "<group>"; };
		12CF95731BB9B80200CACE61 /* Glacier04.jpg */ = {isa = PBXFileReference; lastKnownFileType = image.jpeg; path = Glacier04.jpg; sourceTree = "<group>"; };
		12CF95741BB9B80200CACE61 /* GrandTeton01.jpg */ = {isa = PBXFileReference; lastKnownFileType = image.jpeg; path = GrandTeton01.jpg; sourceTree = "<group>"; };
		12CF95751BB9B80200CACE61 /* GrandTeton02.jpg */ = {isa = PBXFileReference; lastKnownFileType = image.jpeg; path = GrandTeton02.jpg; sourceTree = "<group>"; };
		12CF95761BB9B80200CACE61 /* nps-logo.png */ = {isa = PBXFileReference; lastKnownFileType = image.png; path = "nps-logo.png"; sourceTree = "<group>"; };
		12CF95771BB9B80200CACE61 /* NPSbw.png */ = {isa = PBXFileReference; lastKnownFileType = image.png; path = NPSbw.png; sourceTree = "<group>"; };
		12CF95781BB9B80200CACE61 /* Photos.plist */ = {isa = PBXFileReference; fileEncoding = 4; lastKnownFileType = text.plist.xml; path = Photos.plist; sourceTree = "<group>"; };
		12CF95791BB9B80200CACE61 /* Yellowstone01.jpg */ = {isa = PBXFileReference; lastKnownFileType = image.jpeg; path = Yellowstone01.jpg; sourceTree = "<group>"; };
		12CF957A1BB9B80200CACE61 /* Yellowstone02.jpg */ = {isa = PBXFileReference; lastKnownFileType = image.jpeg; path = Yellowstone02.jpg; sourceTree = "<group>"; };
		12CF957B1BB9B80200CACE61 /* Yellowstone03.jpg */ = {isa = PBXFileReference; lastKnownFileType = image.jpeg; path = Yellowstone03.jpg; sourceTree = "<group>"; };
		12CF957C1BB9B80200CACE61 /* Yellowstone04.jpg */ = {isa = PBXFileReference; lastKnownFileType = image.jpeg; path = Yellowstone04.jpg; sourceTree = "<group>"; };
		12CF957D1BB9B80200CACE61 /* Yosemite01.jpg */ = {isa = PBXFileReference; lastKnownFileType = image.jpeg; path = Yosemite01.jpg; sourceTree = "<group>"; };
		12CF957E1BB9B80200CACE61 /* Yosemite02.jpg */ = {isa = PBXFileReference; lastKnownFileType = image.jpeg; path = Yosemite02.jpg; sourceTree = "<group>"; };
		12CF957F1BB9B80200CACE61 /* Yosemite03.jpg */ = {isa = PBXFileReference; lastKnownFileType = image.jpeg; path = Yosemite03.jpg; sourceTree = "<group>"; };
		12CF95801BB9B80200CACE61 /* Yosemite04.jpg */ = {isa = PBXFileReference; lastKnownFileType = image.jpeg; path = Yosemite04.jpg; sourceTree = "<group>"; };
		12CF95811BB9B80200CACE61 /* Yosemite05.jpg */ = {isa = PBXFileReference; lastKnownFileType = image.jpeg; path = Yosemite05.jpg; sourceTree = "<group>"; };
		12CF95821BB9B80200CACE61 /* Yosemite06.jpg */ = {isa = PBXFileReference; lastKnownFileType = image.jpeg; path = Yosemite06.jpg; sourceTree = "<group>"; };
		12CF95831BB9B80200CACE61 /* Zion01.jpg */ = {isa = PBXFileReference; lastKnownFileType = image.jpeg; path = Zion01.jpg; sourceTree = "<group>"; };
		12CF95841BB9B80200CACE61 /* Zion02.jpg */ = {isa = PBXFileReference; lastKnownFileType = image.jpeg; path = Zion02.jpg; sourceTree = "<group>"; };
		12CF95851BB9B80200CACE61 /* Zion03.jpg */ = {isa = PBXFileReference; lastKnownFileType = image.jpeg; path = Zion03.jpg; sourceTree = "<group>"; };
		12CF95A91BB9B84C00CACE61 /* ParkModel.swift */ = {isa = PBXFileReference; fileEncoding = 4; lastKnownFileType = sourcecode.swift; path = ParkModel.swift; sourceTree = "<group>"; };
		12EB927E1BC0D848009BCBCF /* ParkScrollUITests.swift */ = {isa = PBXFileReference; fileEncoding = 4; lastKnownFileType = sourcecode.swift; path = ParkScrollUITests.swift; sourceTree = "<group>"; };
		12EB92801BC0D9F6009BCBCF /* ParkScrollUITests-Bridging-Header.h */ = {isa = PBXFileReference; lastKnownFileType = sourcecode.c.h; path = "ParkScrollUITests-Bridging-Header.h"; sourceTree = "<group>"; };
		12F9551F1BC0D5B700BCA8D2 /* Info.plist */ = {isa = PBXFileReference; fileEncoding = 4; lastKnownFileType = text.plist.xml; path = Info.plist; sourceTree = "<group>"; };
/* End PBXFileReference section */

/* Begin PBXFrameworksBuildPhase section */
		12CF952E1BB9B72E00CACE61 /* Frameworks */ = {
			isa = PBXFrameworksBuildPhase;
			buildActionMask = 2147483647;
			files = (
			);
			runOnlyForDeploymentPostprocessing = 0;
		};
		12CF95421BB9B72E00CACE61 /* Frameworks */ = {
			isa = PBXFrameworksBuildPhase;
			buildActionMask = 2147483647;
			files = (
			);
			runOnlyForDeploymentPostprocessing = 0;
		};
		12CF954D1BB9B72E00CACE61 /* Frameworks */ = {
			isa = PBXFrameworksBuildPhase;
			buildActionMask = 2147483647;
			files = (
			);
			runOnlyForDeploymentPostprocessing = 0;
		};
/* End PBXFrameworksBuildPhase section */

/* Begin PBXGroup section */
		123AEA2A1BC0218F00E171F2 /* AppIcon.appiconset */ = {
			isa = PBXGroup;
			children = (
				123AEA2B1BC0218F00E171F2 /* Contents.json */,
			);
			name = AppIcon.appiconset;
			path = "ParkScroll Assets/AppIcon.appiconset";
			sourceTree = SOURCE_ROOT;
		};
		127573E71BC37A3F0022AA39 /* Controllers */ = {
			isa = PBXGroup;
			children = (
				12CF95361BB9B72E00CACE61 /* ViewController.swift */,
				127573E91BC37BA70022AA39 /* ParkTableViewController.swift */,
				12446E591BC965F300B0EA31 /* ParkCollectionViewController.swift */,
			);
			name = Controllers;
			sourceTree = "<group>";
		};
		127573E81BC37A520022AA39 /* StoryBoards */ = {
			isa = PBXGroup;
			children = (
				12CF953D1BB9B72E00CACE61 /* LaunchScreen.storyboard */,
				127573E41BC3712C0022AA39 /* tabBoard.storyboard */,
				12CF95381BB9B72E00CACE61 /* Main.storyboard */,
			);
			name = StoryBoards;
			sourceTree = "<group>";
		};
		1278F0771BC46497002BFAF0 /* Views */ = {
			isa = PBXGroup;
			children = (
				1278F0781BC464C0002BFAF0 /* ParkTableViewCell.swift */,
				12446E571BC965CE00B0EA31 /* ParkCollectionViewCell.swift */,
				12446E5B1BC9671D00B0EA31 /* ParkCollectionReusableView.swift */,
			);
			name = Views;
			sourceTree = "<group>";
		};
		12CF95281BB9B72E00CACE61 = {
			isa = PBXGroup;
			children = (
				12EB92801BC0D9F6009BCBCF /* ParkScrollUITests-Bridging-Header.h */,
				12CF95331BB9B72E00CACE61 /* ParkScroll */,
				12CF95621BB9B80200CACE61 /* ParkScroll Assets */,
				12F9551E1BC0D5B700BCA8D2 /* ParkScrollUITests */,
				12CF95481BB9B72E00CACE61 /* ParkScrollTests */,
				12CF95321BB9B72E00CACE61 /* Products */,
			);
			sourceTree = "<group>";
		};
		12CF95321BB9B72E00CACE61 /* Products */ = {
			isa = PBXGroup;
			children = (
				12CF95311BB9B72E00CACE61 /* ParkScroll.app */,
				12CF95451BB9B72E00CACE61 /* ParkScrollTests.xctest */,
				12CF95501BB9B72E00CACE61 /* ParkScrollUITests.xctest */,
			);
			name = Products;
			sourceTree = "<group>";
		};
		12CF95331BB9B72E00CACE61 /* ParkScroll */ = {
			isa = PBXGroup;
			children = (
				1278F0771BC46497002BFAF0 /* Views */,
				127573E81BC37A520022AA39 /* StoryBoards */,
				127573E71BC37A3F0022AA39 /* Controllers */,
				123AEA2A1BC0218F00E171F2 /* AppIcon.appiconset */,
				12CF953B1BB9B72E00CACE61 /* Assets.xcassets */,
				12CF95341BB9B72E00CACE61 /* AppDelegate.swift */,
				12CF95A91BB9B84C00CACE61 /* ParkModel.swift */,
				12CF95401BB9B72E00CACE61 /* Info.plist */,
			);
			path = ParkScroll;
			sourceTree = "<group>";
		};
		12CF95481BB9B72E00CACE61 /* ParkScrollTests */ = {
			isa = PBXGroup;
			children = (
				12CF95491BB9B72E00CACE61 /* ParkScrollTests.swift */,
				12CF954B1BB9B72E00CACE61 /* Info.plist */,
			);
			path = ParkScrollTests;
			sourceTree = "<group>";
		};
		12CF95621BB9B80200CACE61 /* ParkScroll Assets */ = {
			isa = PBXGroup;
			children = (
				126CB6CE1BCA153D002F140A /* table.png */,
				126CB6CF1BCA153D002F140A /* collection.png */,
				123AEA411BC0223300E171F2 /* Icon-40.png */,
				123AEA421BC0223300E171F2 /* Icon-40@2x.png */,
				123AEA431BC0223300E171F2 /* Icon-40@3x.png */,
				123AEA441BC0223300E171F2 /* Icon-60@2x.png */,
				123AEA451BC0223300E171F2 /* Icon-60@3x.png */,
				123AEA461BC0223300E171F2 /* Icon-76.png */,
				123AEA471BC0223300E171F2 /* Icon-76@2x.png */,
				123AEA481BC0223300E171F2 /* Icon-Small.png */,
				123AEA491BC0223300E171F2 /* Icon-Small@2x.png */,
				123AEA4A1BC0223300E171F2 /* Icon-Small@3x.png */,
				12CF95631BB9B80200CACE61 /* arrowDown.png */,
				12CF95641BB9B80200CACE61 /* arrowLeft.png */,
				12CF95651BB9B80200CACE61 /* arrowRight.png */,
				12CF95661BB9B80200CACE61 /* arrowUp.png */,
				12CF95671BB9B80200CACE61 /* BryceCanyon01.jpg */,
				12CF95681BB9B80200CACE61 /* BryceCanyon02.jpg */,
				12CF95691BB9B80200CACE61 /* BryceCanyon03.jpg */,
				12CF956A1BB9B80200CACE61 /* Carlsbad01.jpg */,
				12CF956B1BB9B80200CACE61 /* Carlsbad02.jpg */,
				12CF956C1BB9B80200CACE61 /* Carlsbad03.jpg */,
				12CF956D1BB9B80200CACE61 /* Carlsbad04.jpg */,
				12CF956E1BB9B80200CACE61 /* Everglades01.jpg */,
				12CF956F1BB9B80200CACE61 /* Everglades02.jpg */,
				12CF95701BB9B80200CACE61 /* Glacier01.jpg */,
				12CF95711BB9B80200CACE61 /* Glacier02.jpg */,
				12CF95721BB9B80200CACE61 /* Glacier03.jpg */,
				12CF95731BB9B80200CACE61 /* Glacier04.jpg */,
				12CF95741BB9B80200CACE61 /* GrandTeton01.jpg */,
				12CF95751BB9B80200CACE61 /* GrandTeton02.jpg */,
				12CF95761BB9B80200CACE61 /* nps-logo.png */,
				12CF95771BB9B80200CACE61 /* NPSbw.png */,
				12CF95781BB9B80200CACE61 /* Photos.plist */,
				12CF95791BB9B80200CACE61 /* Yellowstone01.jpg */,
				12CF957A1BB9B80200CACE61 /* Yellowstone02.jpg */,
				12CF957B1BB9B80200CACE61 /* Yellowstone03.jpg */,
				12CF957C1BB9B80200CACE61 /* Yellowstone04.jpg */,
				12CF957D1BB9B80200CACE61 /* Yosemite01.jpg */,
				12CF957E1BB9B80200CACE61 /* Yosemite02.jpg */,
				12CF957F1BB9B80200CACE61 /* Yosemite03.jpg */,
				12CF95801BB9B80200CACE61 /* Yosemite04.jpg */,
				12CF95811BB9B80200CACE61 /* Yosemite05.jpg */,
				12CF95821BB9B80200CACE61 /* Yosemite06.jpg */,
				12CF95831BB9B80200CACE61 /* Zion01.jpg */,
				12CF95841BB9B80200CACE61 /* Zion02.jpg */,
				12CF95851BB9B80200CACE61 /* Zion03.jpg */,
			);
			path = "ParkScroll Assets";
			sourceTree = SOURCE_ROOT;
		};
		12F9551E1BC0D5B700BCA8D2 /* ParkScrollUITests */ = {
			isa = PBXGroup;
			children = (
				12EB927E1BC0D848009BCBCF /* ParkScrollUITests.swift */,
				12F9551F1BC0D5B700BCA8D2 /* Info.plist */,
			);
			path = ParkScrollUITests;
			sourceTree = "<group>";
		};
/* End PBXGroup section */

/* Begin PBXNativeTarget section */
		12CF95301BB9B72E00CACE61 /* ParkScroll */ = {
			isa = PBXNativeTarget;
			buildConfigurationList = 12CF95591BB9B72E00CACE61 /* Build configuration list for PBXNativeTarget "ParkScroll" */;
			buildPhases = (
				12CF952D1BB9B72E00CACE61 /* Sources */,
				12CF952E1BB9B72E00CACE61 /* Frameworks */,
				12CF952F1BB9B72E00CACE61 /* Resources */,
			);
			buildRules = (
			);
			dependencies = (
			);
			name = ParkScroll;
			productName = ParkScroll;
			productReference = 12CF95311BB9B72E00CACE61 /* ParkScroll.app */;
			productType = "com.apple.product-type.application";
		};
		12CF95441BB9B72E00CACE61 /* ParkScrollTests */ = {
			isa = PBXNativeTarget;
			buildConfigurationList = 12CF955C1BB9B72E00CACE61 /* Build configuration list for PBXNativeTarget "ParkScrollTests" */;
			buildPhases = (
				12CF95411BB9B72E00CACE61 /* Sources */,
				12CF95421BB9B72E00CACE61 /* Frameworks */,
				12CF95431BB9B72E00CACE61 /* Resources */,
			);
			buildRules = (
			);
			dependencies = (
				12CF95471BB9B72E00CACE61 /* PBXTargetDependency */,
			);
			name = ParkScrollTests;
			productName = ParkScrollTests;
			productReference = 12CF95451BB9B72E00CACE61 /* ParkScrollTests.xctest */;
			productType = "com.apple.product-type.bundle.unit-test";
		};
		12CF954F1BB9B72E00CACE61 /* ParkScrollUITests */ = {
			isa = PBXNativeTarget;
			buildConfigurationList = 12CF955F1BB9B72E00CACE61 /* Build configuration list for PBXNativeTarget "ParkScrollUITests" */;
			buildPhases = (
				12CF954C1BB9B72E00CACE61 /* Sources */,
				12CF954D1BB9B72E00CACE61 /* Frameworks */,
				12CF954E1BB9B72E00CACE61 /* Resources */,
			);
			buildRules = (
			);
			dependencies = (
				12CF95521BB9B72E00CACE61 /* PBXTargetDependency */,
			);
			name = ParkScrollUITests;
			productName = ParkScrollUITests;
			productReference = 12CF95501BB9B72E00CACE61 /* ParkScrollUITests.xctest */;
			productType = "com.apple.product-type.bundle.ui-testing";
		};
/* End PBXNativeTarget section */

/* Begin PBXProject section */
		12CF95291BB9B72E00CACE61 /* Project object */ = {
			isa = PBXProject;
			attributes = {
				LastSwiftUpdateCheck = 0700;
				LastUpgradeCheck = 0700;
				ORGANIZATIONNAME = "Max Marze";
				TargetAttributes = {
					12CF95301BB9B72E00CACE61 = {
						CreatedOnToolsVersion = 7.0;
					};
					12CF95441BB9B72E00CACE61 = {
						CreatedOnToolsVersion = 7.0;
						TestTargetID = 12CF95301BB9B72E00CACE61;
					};
					12CF954F1BB9B72E00CACE61 = {
						CreatedOnToolsVersion = 7.0;
						TestTargetID = 12CF95301BB9B72E00CACE61;
					};
				};
			};
			buildConfigurationList = 12CF952C1BB9B72E00CACE61 /* Build configuration list for PBXProject "ParkScroll" */;
			compatibilityVersion = "Xcode 3.2";
			developmentRegion = English;
			hasScannedForEncodings = 0;
			knownRegions = (
				en,
				Base,
			);
			mainGroup = 12CF95281BB9B72E00CACE61;
			productRefGroup = 12CF95321BB9B72E00CACE61 /* Products */;
			projectDirPath = "";
			projectRoot = "";
			targets = (
				12CF95301BB9B72E00CACE61 /* ParkScroll */,
				12CF95441BB9B72E00CACE61 /* ParkScrollTests */,
				12CF954F1BB9B72E00CACE61 /* ParkScrollUITests */,
			);
		};
/* End PBXProject section */

/* Begin PBXResourcesBuildPhase section */
		12CF952F1BB9B72E00CACE61 /* Resources */ = {
			isa = PBXResourcesBuildPhase;
			buildActionMask = 2147483647;
			files = (
				12CF959C1BB9B80200CACE61 /* Yellowstone01.jpg in Resources */,
				12CF95A11BB9B80200CACE61 /* Yosemite02.jpg in Resources */,
				12CF95881BB9B80200CACE61 /* arrowRight.png in Resources */,
				12CF953F1BB9B72E00CACE61 /* LaunchScreen.storyboard in Resources */,
				12CF95A81BB9B80200CACE61 /* Zion03.jpg in Resources */,
				12CF95991BB9B80200CACE61 /* nps-logo.png in Resources */,
				126CB6D11BCA153D002F140A /* collection.png in Resources */,
				12CF95951BB9B80200CACE61 /* Glacier03.jpg in Resources */,
				12CF95A61BB9B80200CACE61 /* Zion01.jpg in Resources */,
				126CB6D01BCA153D002F140A /* table.png in Resources */,
				12CF95981BB9B80200CACE61 /* GrandTeton02.jpg in Resources */,
				123AEA4C1BC0223300E171F2 /* Icon-40@2x.png in Resources */,
				12CF958F1BB9B80200CACE61 /* Carlsbad03.jpg in Resources */,
				12CF95921BB9B80200CACE61 /* Everglades02.jpg in Resources */,
				123AEA541BC0223300E171F2 /* Icon-Small@3x.png in Resources */,
				12CF958C1BB9B80200CACE61 /* BryceCanyon03.jpg in Resources */,
				12CF95931BB9B80200CACE61 /* Glacier01.jpg in Resources */,
				12CF959B1BB9B80200CACE61 /* Photos.plist in Resources */,
				12CF95A01BB9B80200CACE61 /* Yosemite01.jpg in Resources */,
				12CF95871BB9B80200CACE61 /* arrowLeft.png in Resources */,
				123AEA501BC0223300E171F2 /* Icon-76.png in Resources */,
				12CF953C1BB9B72E00CACE61 /* Assets.xcassets in Resources */,
				12CF95A21BB9B80200CACE61 /* Yosemite03.jpg in Resources */,
				123AEA4E1BC0223300E171F2 /* Icon-60@2x.png in Resources */,
				123AEA521BC0223300E171F2 /* Icon-Small.png in Resources */,
				12CF958B1BB9B80200CACE61 /* BryceCanyon02.jpg in Resources */,
				12CF95901BB9B80200CACE61 /* Carlsbad04.jpg in Resources */,
				123AEA361BC0218F00E171F2 /* Contents.json in Resources */,
				12CF95961BB9B80200CACE61 /* Glacier04.jpg in Resources */,
				12CF95A71BB9B80200CACE61 /* Zion02.jpg in Resources */,
				12CF959E1BB9B80200CACE61 /* Yellowstone03.jpg in Resources */,
				123AEA4B1BC0223300E171F2 /* Icon-40.png in Resources */,
				12CF959F1BB9B80200CACE61 /* Yellowstone04.jpg in Resources */,
				12CF959A1BB9B80200CACE61 /* NPSbw.png in Resources */,
				12CF958D1BB9B80200CACE61 /* Carlsbad01.jpg in Resources */,
				12CF959D1BB9B80200CACE61 /* Yellowstone02.jpg in Resources */,
				12CF95941BB9B80200CACE61 /* Glacier02.jpg in Resources */,
				123AEA4F1BC0223300E171F2 /* Icon-60@3x.png in Resources */,
				12CF95A41BB9B80200CACE61 /* Yosemite05.jpg in Resources */,
				12CF953A1BB9B72E00CACE61 /* Main.storyboard in Resources */,
				12CF95891BB9B80200CACE61 /* arrowUp.png in Resources */,
				12CF958A1BB9B80200CACE61 /* BryceCanyon01.jpg in Resources */,
				12CF95971BB9B80200CACE61 /* GrandTeton01.jpg in Resources */,
				12CF95A31BB9B80200CACE61 /* Yosemite04.jpg in Resources */,
				123AEA511BC0223300E171F2 /* Icon-76@2x.png in Resources */,
				12CF95A51BB9B80200CACE61 /* Yosemite06.jpg in Resources */,
				12CF95861BB9B80200CACE61 /* arrowDown.png in Resources */,
				12CF95911BB9B80200CACE61 /* Everglades01.jpg in Resources */,
				123AEA531BC0223300E171F2 /* Icon-Small@2x.png in Resources */,
				127573E61BC3712C0022AA39 /* tabBoard.storyboard in Resources */,
				123AEA4D1BC0223300E171F2 /* Icon-40@3x.png in Resources */,
				12F955211BC0D5B700BCA8D2 /* Info.plist in Resources */,
				12CF958E1BB9B80200CACE61 /* Carlsbad02.jpg in Resources */,
			);
			runOnlyForDeploymentPostprocessing = 0;
		};
		12CF95431BB9B72E00CACE61 /* Resources */ = {
			isa = PBXResourcesBuildPhase;
			buildActionMask = 2147483647;
			files = (
			);
			runOnlyForDeploymentPostprocessing = 0;
		};
		12CF954E1BB9B72E00CACE61 /* Resources */ = {
			isa = PBXResourcesBuildPhase;
			buildActionMask = 2147483647;
			files = (
			);
			runOnlyForDeploymentPostprocessing = 0;
		};
/* End PBXResourcesBuildPhase section */

/* Begin PBXSourcesBuildPhase section */
		12CF952D1BB9B72E00CACE61 /* Sources */ = {
			isa = PBXSourcesBuildPhase;
			buildActionMask = 2147483647;
			files = (
				12446E5C1BC9671D00B0EA31 /* ParkCollectionReusableView.swift in Sources */,
				127573EA1BC37BA70022AA39 /* ParkTableViewController.swift in Sources */,
				12CF95371BB9B72E00CACE61 /* ViewController.swift in Sources */,
				1278F0791BC464C0002BFAF0 /* ParkTableViewCell.swift in Sources */,
				12446E581BC965CE00B0EA31 /* ParkCollectionViewCell.swift in Sources */,
				12CF95AA1BB9B84C00CACE61 /* ParkModel.swift in Sources */,
				12446E5A1BC965F300B0EA31 /* ParkCollectionViewController.swift in Sources */,
				12CF95351BB9B72E00CACE61 /* AppDelegate.swift in Sources */,
			);
			runOnlyForDeploymentPostprocessing = 0;
		};
		12CF95411BB9B72E00CACE61 /* Sources */ = {
			isa = PBXSourcesBuildPhase;
			buildActionMask = 2147483647;
			files = (
				12CF954A1BB9B72E00CACE61 /* ParkScrollTests.swift in Sources */,
			);
			runOnlyForDeploymentPostprocessing = 0;
		};
		12CF954C1BB9B72E00CACE61 /* Sources */ = {
			isa = PBXSourcesBuildPhase;
			buildActionMask = 2147483647;
			files = (
				12EB927F1BC0D848009BCBCF /* ParkScrollUITests.swift in Sources */,
			);
			runOnlyForDeploymentPostprocessing = 0;
		};
/* End PBXSourcesBuildPhase section */

/* Begin PBXTargetDependency section */
		12CF95471BB9B72E00CACE61 /* PBXTargetDependency */ = {
			isa = PBXTargetDependency;
			target = 12CF95301BB9B72E00CACE61 /* ParkScroll */;
			targetProxy = 12CF95461BB9B72E00CACE61 /* PBXContainerItemProxy */;
		};
		12CF95521BB9B72E00CACE61 /* PBXTargetDependency */ = {
			isa = PBXTargetDependency;
			target = 12CF95301BB9B72E00CACE61 /* ParkScroll */;
			targetProxy = 12CF95511BB9B72E00CACE61 /* PBXContainerItemProxy */;
		};
/* End PBXTargetDependency section */

/* Begin PBXVariantGroup section */
		127573E41BC3712C0022AA39 /* tabBoard.storyboard */ = {
			isa = PBXVariantGroup;
			children = (
				127573E51BC3712C0022AA39 /* Base */,
			);
			name = tabBoard.storyboard;
			sourceTree = "<group>";
		};
		12CF95381BB9B72E00CACE61 /* Main.storyboard */ = {
			isa = PBXVariantGroup;
			children = (
				12CF95391BB9B72E00CACE61 /* Base */,
			);
			name = Main.storyboard;
			sourceTree = "<group>";
		};
		12CF953D1BB9B72E00CACE61 /* LaunchScreen.storyboard */ = {
			isa = PBXVariantGroup;
			children = (
				12CF953E1BB9B72E00CACE61 /* Base */,
			);
			name = LaunchScreen.storyboard;
			sourceTree = "<group>";
		};
/* End PBXVariantGroup section */

/* Begin XCBuildConfiguration section */
		12CF95571BB9B72E00CACE61 /* Debug */ = {
			isa = XCBuildConfiguration;
			buildSettings = {
				ALWAYS_SEARCH_USER_PATHS = NO;
				CLANG_CXX_LANGUAGE_STANDARD = "gnu++0x";
				CLANG_CXX_LIBRARY = "libc++";
				CLANG_ENABLE_MODULES = YES;
				CLANG_ENABLE_OBJC_ARC = YES;
				CLANG_WARN_BOOL_CONVERSION = YES;
				CLANG_WARN_CONSTANT_CONVERSION = YES;
				CLANG_WARN_DIRECT_OBJC_ISA_USAGE = YES_ERROR;
				CLANG_WARN_EMPTY_BODY = YES;
				CLANG_WARN_ENUM_CONVERSION = YES;
				CLANG_WARN_INT_CONVERSION = YES;
				CLANG_WARN_OBJC_ROOT_CLASS = YES_ERROR;
				CLANG_WARN_UNREACHABLE_CODE = YES;
				CLANG_WARN__DUPLICATE_METHOD_MATCH = YES;
				"CODE_SIGN_IDENTITY[sdk=iphoneos*]" = "iPhone Developer";
				COPY_PHASE_STRIP = NO;
				DEBUG_INFORMATION_FORMAT = dwarf;
				ENABLE_STRICT_OBJC_MSGSEND = YES;
				ENABLE_TESTABILITY = YES;
				GCC_C_LANGUAGE_STANDARD = gnu99;
				GCC_DYNAMIC_NO_PIC = NO;
				GCC_NO_COMMON_BLOCKS = YES;
				GCC_OPTIMIZATION_LEVEL = 0;
				GCC_PREPROCESSOR_DEFINITIONS = (
					"DEBUG=1",
					"$(inherited)",
				);
				GCC_WARN_64_TO_32_BIT_CONVERSION = YES;
				GCC_WARN_ABOUT_RETURN_TYPE = YES_ERROR;
				GCC_WARN_UNDECLARED_SELECTOR = YES;
				GCC_WARN_UNINITIALIZED_AUTOS = YES_AGGRESSIVE;
				GCC_WARN_UNUSED_FUNCTION = YES;
				GCC_WARN_UNUSED_VARIABLE = YES;
				IPHONEOS_DEPLOYMENT_TARGET = 9.0;
				MTL_ENABLE_DEBUG_INFO = YES;
				ONLY_ACTIVE_ARCH = YES;
				SDKROOT = iphoneos;
				SWIFT_OPTIMIZATION_LEVEL = "-Onone";
				TARGETED_DEVICE_FAMILY = "1,2";
			};
			name = Debug;
		};
		12CF95581BB9B72E00CACE61 /* Release */ = {
			isa = XCBuildConfiguration;
			buildSettings = {
				ALWAYS_SEARCH_USER_PATHS = NO;
				CLANG_CXX_LANGUAGE_STANDARD = "gnu++0x";
				CLANG_CXX_LIBRARY = "libc++";
				CLANG_ENABLE_MODULES = YES;
				CLANG_ENABLE_OBJC_ARC = YES;
				CLANG_WARN_BOOL_CONVERSION = YES;
				CLANG_WARN_CONSTANT_CONVERSION = YES;
				CLANG_WARN_DIRECT_OBJC_ISA_USAGE = YES_ERROR;
				CLANG_WARN_EMPTY_BODY = YES;
				CLANG_WARN_ENUM_CONVERSION = YES;
				CLANG_WARN_INT_CONVERSION = YES;
				CLANG_WARN_OBJC_ROOT_CLASS = YES_ERROR;
				CLANG_WARN_UNREACHABLE_CODE = YES;
				CLANG_WARN__DUPLICATE_METHOD_MATCH = YES;
				"CODE_SIGN_IDENTITY[sdk=iphoneos*]" = "iPhone Developer";
				COPY_PHASE_STRIP = NO;
				DEBUG_INFORMATION_FORMAT = "dwarf-with-dsym";
				ENABLE_NS_ASSERTIONS = NO;
				ENABLE_STRICT_OBJC_MSGSEND = YES;
				GCC_C_LANGUAGE_STANDARD = gnu99;
				GCC_NO_COMMON_BLOCKS = YES;
				GCC_WARN_64_TO_32_BIT_CONVERSION = YES;
				GCC_WARN_ABOUT_RETURN_TYPE = YES_ERROR;
				GCC_WARN_UNDECLARED_SELECTOR = YES;
				GCC_WARN_UNINITIALIZED_AUTOS = YES_AGGRESSIVE;
				GCC_WARN_UNUSED_FUNCTION = YES;
				GCC_WARN_UNUSED_VARIABLE = YES;
				IPHONEOS_DEPLOYMENT_TARGET = 9.0;
				MTL_ENABLE_DEBUG_INFO = NO;
				SDKROOT = iphoneos;
				TARGETED_DEVICE_FAMILY = "1,2";
				VALIDATE_PRODUCT = YES;
			};
			name = Release;
		};
		12CF955A1BB9B72E00CACE61 /* Debug */ = {
			isa = XCBuildConfiguration;
			buildSettings = {
				ASSETCATALOG_COMPILER_APPICON_NAME = AppIcon;
				INFOPLIST_FILE = ParkScroll/Info.plist;
				LD_RUNPATH_SEARCH_PATHS = "$(inherited) @executable_path/Frameworks";
				PRODUCT_BUNDLE_IDENTIFIER = edu.psu.cse.mom5606.ParkScroll;
				PRODUCT_NAME = "$(TARGET_NAME)";
			};
			name = Debug;
		};
		12CF955B1BB9B72E00CACE61 /* Release */ = {
			isa = XCBuildConfiguration;
			buildSettings = {
				ASSETCATALOG_COMPILER_APPICON_NAME = AppIcon;
				INFOPLIST_FILE = ParkScroll/Info.plist;
				LD_RUNPATH_SEARCH_PATHS = "$(inherited) @executable_path/Frameworks";
				PRODUCT_BUNDLE_IDENTIFIER = edu.psu.cse.mom5606.ParkScroll;
				PRODUCT_NAME = "$(TARGET_NAME)";
			};
			name = Release;
		};
		12CF955D1BB9B72E00CACE61 /* Debug */ = {
			isa = XCBuildConfiguration;
			buildSettings = {
				BUNDLE_LOADER = "$(TEST_HOST)";
				INFOPLIST_FILE = ParkScrollTests/Info.plist;
				LD_RUNPATH_SEARCH_PATHS = "$(inherited) @executable_path/Frameworks @loader_path/Frameworks";
				PRODUCT_BUNDLE_IDENTIFIER = edu.psu.cse.mom5606.ParkScrollTests;
				PRODUCT_NAME = "$(TARGET_NAME)";
				TEST_HOST = "$(BUILT_PRODUCTS_DIR)/ParkScroll.app/ParkScroll";
			};
			name = Debug;
		};
		12CF955E1BB9B72E00CACE61 /* Release */ = {
			isa = XCBuildConfiguration;
			buildSettings = {
				BUNDLE_LOADER = "$(TEST_HOST)";
				INFOPLIST_FILE = ParkScrollTests/Info.plist;
				LD_RUNPATH_SEARCH_PATHS = "$(inherited) @executable_path/Frameworks @loader_path/Frameworks";
				PRODUCT_BUNDLE_IDENTIFIER = edu.psu.cse.mom5606.ParkScrollTests;
				PRODUCT_NAME = "$(TARGET_NAME)";
				TEST_HOST = "$(BUILT_PRODUCTS_DIR)/ParkScroll.app/ParkScroll";
			};
			name = Release;
		};
		12CF95601BB9B72E00CACE61 /* Debug */ = {
			isa = XCBuildConfiguration;
			buildSettings = {
				CLANG_ENABLE_MODULES = YES;
				INFOPLIST_FILE = ParkScrollUITests/Info.plist;
				LD_RUNPATH_SEARCH_PATHS = "$(inherited) @executable_path/Frameworks @loader_path/Frameworks";
				PRODUCT_BUNDLE_IDENTIFIER = edu.psu.cse.mom5606.ParkScrollUITests;
				PRODUCT_NAME = "$(TARGET_NAME)";
				SWIFT_OBJC_BRIDGING_HEADER = "ParkScrollUITests-Bridging-Header.h";
				SWIFT_OPTIMIZATION_LEVEL = "-Onone";
				TEST_TARGET_NAME = ParkScroll;
				USES_XCTRUNNER = YES;
			};
			name = Debug;
		};
		12CF95611BB9B72E00CACE61 /* Release */ = {
			isa = XCBuildConfiguration;
			buildSettings = {
				CLANG_ENABLE_MODULES = YES;
				INFOPLIST_FILE = ParkScrollUITests/Info.plist;
				LD_RUNPATH_SEARCH_PATHS = "$(inherited) @executable_path/Frameworks @loader_path/Frameworks";
				PRODUCT_BUNDLE_IDENTIFIER = edu.psu.cse.mom5606.ParkScrollUITests;
				PRODUCT_NAME = "$(TARGET_NAME)";
				SWIFT_OBJC_BRIDGING_HEADER = "ParkScrollUITests-Bridging-Header.h";
				TEST_TARGET_NAME = ParkScroll;
				USES_XCTRUNNER = YES;
			};
			name = Release;
		};
/* End XCBuildConfiguration section */

/* Begin XCConfigurationList section */
		12CF952C1BB9B72E00CACE61 /* Build configuration list for PBXProject "ParkScroll" */ = {
			isa = XCConfigurationList;
			buildConfigurations = (
				12CF95571BB9B72E00CACE61 /* Debug */,
				12CF95581BB9B72E00CACE61 /* Release */,
			);
			defaultConfigurationIsVisible = 0;
			defaultConfigurationName = Release;
		};
		12CF95591BB9B72E00CACE61 /* Build configuration list for PBXNativeTarget "ParkScroll" */ = {
			isa = XCConfigurationList;
			buildConfigurations = (
				12CF955A1BB9B72E00CACE61 /* Debug */,
				12CF955B1BB9B72E00CACE61 /* Release */,
			);
			defaultConfigurationIsVisible = 0;
			defaultConfigurationName = Release;
		};
		12CF955C1BB9B72E00CACE61 /* Build configuration list for PBXNativeTarget "ParkScrollTests" */ = {
			isa = XCConfigurationList;
			buildConfigurations = (
				12CF955D1BB9B72E00CACE61 /* Debug */,
				12CF955E1BB9B72E00CACE61 /* Release */,
			);
			defaultConfigurationIsVisible = 0;
			defaultConfigurationName = Release;
		};
		12CF955F1BB9B72E00CACE61 /* Build configuration list for PBXNativeTarget "ParkScrollUITests" */ = {
			isa = XCConfigurationList;
			buildConfigurations = (
				12CF95601BB9B72E00CACE61 /* Debug */,
				12CF95611BB9B72E00CACE61 /* Release */,
			);
			defaultConfigurationIsVisible = 0;
			defaultConfigurationName = Release;
		};
/* End XCConfigurationList section */
	};
	rootObject = 12CF95291BB9B72E00CACE61 /* Project object */;
}
