PODS:
  - Bolts/Tasks (1.4.0)
  - Charts (2.1.6)
  - Mapbox-iOS-SDK (3.0.0-pre.4-symbols)
  - Parse (1.9.1):
    - Bolts/Tasks (>= 1.4.0)

DEPENDENCIES:
  - Charts
  - Mapbox-iOS-SDK (from `https://raw.githubusercontent.com/mapbox/mapbox-gl-native/ios-v3.0.0-pre.4/ios/Mapbox-iOS-SDK.podspec`)
  - Parse

EXTERNAL SOURCES:
  Mapbox-iOS-SDK:
    :podspec: https://raw.githubusercontent.com/mapbox/mapbox-gl-native/ios-v3.0.0-pre.4/ios/Mapbox-iOS-SDK.podspec

SPEC CHECKSUMS:
  Bolts: 0e9bce58b9b9f5e8a7a4d47b16d2fabec289072b
  Charts: 5e1e5ac23898e5b09d226a2fc3e9d86bc281937e
  Mapbox-iOS-SDK: f1d0b762748587f5e5b3541d7622a9a33d8deed3
  Parse: 54a965c8c19a6dde90284ab654dbcc77ef8c001b

COCOAPODS: 0.39.0
